// !$*UTF8*$!
{
	archiveVersion = 1;
	classes = {
	};
	objectVersion = 54;
	objects = {

/* Begin PBXAggregateTarget section */
		1D3AB4AEA8134E3BBCBCED07 /* ZERO_CHECK */ = {
			isa = PBXAggregateTarget;
			buildConfigurationList = 884D4FB509884D2A994DF94D /* Build configuration list for PBXAggregateTarget "ZERO_CHECK" */;
			buildPhases = (
				19591233DC977EB6BC98932A /* Generate CMakeFiles/ZERO_CHECK */,
			);
			dependencies = (
			);
			name = ZERO_CHECK;
			productName = ZERO_CHECK;
		};
		DC28C95E58784BBF8B0A25DE /* ALL_BUILD */ = {
			isa = PBXAggregateTarget;
			buildConfigurationList = 87D2E0ECED784942A4B041CC /* Build configuration list for PBXAggregateTarget "ALL_BUILD" */;
			buildPhases = (
				0EB7D2D119CA098EB969FCFC /* Generate CMakeFiles/ALL_BUILD */,
			);
			dependencies = (
				CF1C4452DA704E17A6929AD9 /* PBXTargetDependency */,
				AF14594183204EC089567B62 /* PBXTargetDependency */,
			);
			name = ALL_BUILD;
			productName = ALL_BUILD;
		};
/* End PBXAggregateTarget section */

/* Begin PBXBuildFile section */
		0A2B61F30C2C4005A30017E9 /* ValidParenthesis.cpp in Sources */ = {isa = PBXBuildFile; fileRef = 9A4E9AFE87FE4C38B3717F68 /* ValidParenthesis.cpp */; };
		196B06F5D80946218F184750 /* IOPractice.cpp in Sources */ = {isa = PBXBuildFile; fileRef = F9D1D0D1693E447A8BBB0813 /* IOPractice.cpp */; };
		332AD4EC90CA4917A115E8D8 /* ValidAnagram.cpp in Sources */ = {isa = PBXBuildFile; fileRef = C7D0916EBC3749278C9ED33B /* ValidAnagram.cpp */; };
		428F95FE2ADD439D927E1ECA /* SubarraySumEqualsK.cpp in Sources */ = {isa = PBXBuildFile; fileRef = B2BC018446FA4CF4BE0B0EDD /* SubarraySumEqualsK.cpp */; };
		47CD1BCD482547BF9139E268 /* TwoSum.cpp in Sources */ = {isa = PBXBuildFile; fileRef = 98E8171E8BD04B56A4568012 /* TwoSum.cpp */; };
		4F1028BB2BD206AE008DB16B /* KthLargest.cpp in Sources */ = {isa = PBXBuildFile; fileRef = 4F1028B92BD206AE008DB16B /* KthLargest.cpp */; };
		4F44A8952BD7B8A80093BB44 /* LastStoneWeight.cpp in Sources */ = {isa = PBXBuildFile; fileRef = 4F44A8932BD7B8A80093BB44 /* LastStoneWeight.cpp */; };
		4F44A8982BD7E2D80093BB44 /* KClosestPointToOrigin.cpp in Sources */ = {isa = PBXBuildFile; fileRef = 4F44A8962BD7E2D80093BB44 /* KClosestPointToOrigin.cpp */; };
		4F44A89B2BD7E75E0093BB44 /* KthLargestElementInAnArray.cpp in Sources */ = {isa = PBXBuildFile; fileRef = 4F44A8992BD7E75E0093BB44 /* KthLargestElementInAnArray.cpp */; };
		4F44A89E2BD8CB900093BB44 /* TaskScheduler.cpp in Sources */ = {isa = PBXBuildFile; fileRef = 4F44A89C2BD8CB900093BB44 /* TaskScheduler.cpp */; };
		4F44A8A12BD8E28E0093BB44 /* DesignTwitter.cpp in Sources */ = {isa = PBXBuildFile; fileRef = 4F44A89F2BD8E28E0093BB44 /* DesignTwitter.cpp */; };
		4F44A8A42BDB72910093BB44 /* FindMedianFromDataStream.cpp in Sources */ = {isa = PBXBuildFile; fileRef = 4F44A8A22BDB72910093BB44 /* FindMedianFromDataStream.cpp */; };
		4F44A8A72BDB8DE80093BB44 /* Subsets.cpp in Sources */ = {isa = PBXBuildFile; fileRef = 4F44A8A52BDB8DE80093BB44 /* Subsets.cpp */; };
		4F44A8AD2BDBB2050093BB44 /* CombinationSum.cpp in Sources */ = {isa = PBXBuildFile; fileRef = 4F44A8AB2BDBB2050093BB44 /* CombinationSum.cpp */; };
		4F44A8B02BDBB91A0093BB44 /* Permutations.cpp in Sources */ = {isa = PBXBuildFile; fileRef = 4F44A8AE2BDBB91A0093BB44 /* Permutations.cpp */; };
		4F44A8B32BDBFED40093BB44 /* SubsetsII.cpp in Sources */ = {isa = PBXBuildFile; fileRef = 4F44A8B12BDBFED40093BB44 /* SubsetsII.cpp */; };
		4F44A8B62BDC0B660093BB44 /* CombinationSumII.cpp in Sources */ = {isa = PBXBuildFile; fileRef = 4F44A8B42BDC0B660093BB44 /* CombinationSumII.cpp */; };
		4F44A8B92BDC93750093BB44 /* WordSearch.cpp in Sources */ = {isa = PBXBuildFile; fileRef = 4F44A8B72BDC93750093BB44 /* WordSearch.cpp */; };
		4F44A8BC2BDC9DDF0093BB44 /* PalindromePartitioning.cpp in Sources */ = {isa = PBXBuildFile; fileRef = 4F44A8BA2BDC9DDF0093BB44 /* PalindromePartitioning.cpp */; };
		4F44A8BF2BDCA4AB0093BB44 /* LetterCombinationsOfAPhoneNumber.cpp in Sources */ = {isa = PBXBuildFile; fileRef = 4F44A8BD2BDCA4AB0093BB44 /* LetterCombinationsOfAPhoneNumber.cpp */; };
		4F44A8C52BDCA8170093BB44 /* NQueens.cpp in Sources */ = {isa = PBXBuildFile; fileRef = 4F44A8C32BDCA8170093BB44 /* NQueens.cpp */; };
		4F44A8C82BDCB6FF0093BB44 /* ImplementTrie.cpp in Sources */ = {isa = PBXBuildFile; fileRef = 4F44A8C62BDCB6FF0093BB44 /* ImplementTrie.cpp */; };
		4F44A8CB2BDD486A0093BB44 /* DesignAddAndSearchWords.cpp in Sources */ = {isa = PBXBuildFile; fileRef = 4F44A8C92BDD486A0093BB44 /* DesignAddAndSearchWords.cpp */; };
		4F44A8CE2BDD552E0093BB44 /* WordSearchII.cpp in Sources */ = {isa = PBXBuildFile; fileRef = 4F44A8CC2BDD552E0093BB44 /* WordSearchII.cpp */; };
		4F44A8D12BDF7AFB0093BB44 /* NumberOfIslands.cpp in Sources */ = {isa = PBXBuildFile; fileRef = 4F44A8CF2BDF7AFB0093BB44 /* NumberOfIslands.cpp */; };
		4F44A8D42BDF80620093BB44 /* MaxAreaOfIsland.cpp in Sources */ = {isa = PBXBuildFile; fileRef = 4F44A8D22BDF80620093BB44 /* MaxAreaOfIsland.cpp */; };
		4F44A8D72BDF83800093BB44 /* CloneGraph.cpp in Sources */ = {isa = PBXBuildFile; fileRef = 4F44A8D52BDF83800093BB44 /* CloneGraph.cpp */; };
		4F44A8DA2BDF86C80093BB44 /* RottingOranges.cpp in Sources */ = {isa = PBXBuildFile; fileRef = 4F44A8D82BDF86C80093BB44 /* RottingOranges.cpp */; };
		4F44A8DD2BDF8F920093BB44 /* PacificAtlanticWaterFlow.cpp in Sources */ = {isa = PBXBuildFile; fileRef = 4F44A8DB2BDF8F920093BB44 /* PacificAtlanticWaterFlow.cpp */; };
		4F8B3BDF2BBC084E00D4047D /* GenerateParanthesis.cpp in Sources */ = {isa = PBXBuildFile; fileRef = 4F8B3BDD2BBC084E00D4047D /* GenerateParanthesis.cpp */; };
		4F8B3BE22BBE595E00D4047D /* DailyTemperature.cpp in Sources */ = {isa = PBXBuildFile; fileRef = 4F8B3BE02BBE595E00D4047D /* DailyTemperature.cpp */; };
		4F8B3BE52BBE630600D4047D /* CarFleet.cpp in Sources */ = {isa = PBXBuildFile; fileRef = 4F8B3BE32BBE630600D4047D /* CarFleet.cpp */; };
		4F8B3BE82BBEA3E600D4047D /* LargestRectangleInHistogram.cpp in Sources */ = {isa = PBXBuildFile; fileRef = 4F8B3BE62BBEA3E600D4047D /* LargestRectangleInHistogram.cpp */; };
		4F8B3BEB2BBFBFCB00D4047D /* BinarySearch.cpp in Sources */ = {isa = PBXBuildFile; fileRef = 4F8B3BE92BBFBFCB00D4047D /* BinarySearch.cpp */; };
		4F8B3BEE2BBFCA6000D4047D /* SearchA2DMatrix.cpp in Sources */ = {isa = PBXBuildFile; fileRef = 4F8B3BEC2BBFCA6000D4047D /* SearchA2DMatrix.cpp */; };
		4F8B3BF12BBFCD1900D4047D /* KokoEatingBananas.cpp in Sources */ = {isa = PBXBuildFile; fileRef = 4F8B3BEF2BBFCD1900D4047D /* KokoEatingBananas.cpp */; };
		4F8B3BF42BC1A62B00D4047D /* TimeBasedKeyValueStore.cpp in Sources */ = {isa = PBXBuildFile; fileRef = 4F8B3BF22BC1A62B00D4047D /* TimeBasedKeyValueStore.cpp */; };
		4F8B3BF72BC2B6F300D4047D /* MediumOfTwoSortedArray.cpp in Sources */ = {isa = PBXBuildFile; fileRef = 4F8B3BF52BC2B6F300D4047D /* MediumOfTwoSortedArray.cpp */; };
		4F8B3BFA2BC2F22F00D4047D /* MergeTwoSortedList.cpp in Sources */ = {isa = PBXBuildFile; fileRef = 4F8B3BF82BC2F22F00D4047D /* MergeTwoSortedList.cpp */; };
		4F8B3BFD2BC2F7D400D4047D /* ReorderList.cpp in Sources */ = {isa = PBXBuildFile; fileRef = 4F8B3BFB2BC2F7D400D4047D /* ReorderList.cpp */; };
		4F8B3C002BC3C54000D4047D /* RemoveNthNodeFromEndOfList.cpp in Sources */ = {isa = PBXBuildFile; fileRef = 4F8B3BFE2BC3C54000D4047D /* RemoveNthNodeFromEndOfList.cpp */; };
		4F8B3C032BC3F1D400D4047D /* CopyListWithRandomPointer.cpp in Sources */ = {isa = PBXBuildFile; fileRef = 4F8B3C012BC3F1D400D4047D /* CopyListWithRandomPointer.cpp */; };
		4F8B3C062BC4E94C00D4047D /* AddTwoNumbers.cpp in Sources */ = {isa = PBXBuildFile; fileRef = 4F8B3C042BC4E94C00D4047D /* AddTwoNumbers.cpp */; };
		4F8B3C092BC51E8500D4047D /* LRUCache.cpp in Sources */ = {isa = PBXBuildFile; fileRef = 4F8B3C072BC51E8500D4047D /* LRUCache.cpp */; };
		4F8B3C0C2BC532F900D4047D /* MergeKList.cpp in Sources */ = {isa = PBXBuildFile; fileRef = 4F8B3C0A2BC532F900D4047D /* MergeKList.cpp */; };
		4F8B3C0F2BC67DDC00D4047D /* ReverseNodesInKGroup.cpp in Sources */ = {isa = PBXBuildFile; fileRef = 4F8B3C0D2BC67DDC00D4047D /* ReverseNodesInKGroup.cpp */; };
		4F8B3C122BC682C000D4047D /* InvertBinaryTree.cpp in Sources */ = {isa = PBXBuildFile; fileRef = 4F8B3C102BC682C000D4047D /* InvertBinaryTree.cpp */; };
		4F8B3C152BC683FC00D4047D /* MaximumDepthOfBinaryTree.cpp in Sources */ = {isa = PBXBuildFile; fileRef = 4F8B3C132BC683FC00D4047D /* MaximumDepthOfBinaryTree.cpp */; };
		4F8B3C182BC684C200D4047D /* DiameterOfBinaryTree.cpp in Sources */ = {isa = PBXBuildFile; fileRef = 4F8B3C162BC684C200D4047D /* DiameterOfBinaryTree.cpp */; };
		4F8B3C1B2BC68B4000D4047D /* BalancedBinaryTree.cpp in Sources */ = {isa = PBXBuildFile; fileRef = 4F8B3C192BC68B4000D4047D /* BalancedBinaryTree.cpp */; };
		4F8B3C1E2BC7869700D4047D /* SameTree.cpp in Sources */ = {isa = PBXBuildFile; fileRef = 4F8B3C1C2BC7869700D4047D /* SameTree.cpp */; };
		4F8B3C212BC7887B00D4047D /* SubtreeOfAnotherTree.cpp in Sources */ = {isa = PBXBuildFile; fileRef = 4F8B3C1F2BC7887B00D4047D /* SubtreeOfAnotherTree.cpp */; };
		4F8B3C242BC7B01300D4047D /* LowestCommonAncester.cpp in Sources */ = {isa = PBXBuildFile; fileRef = 4F8B3C222BC7B01300D4047D /* LowestCommonAncester.cpp */; };
		4F8B3C272BC8F07600D4047D /* BinaryTreeLevelOrderTraversal.cpp in Sources */ = {isa = PBXBuildFile; fileRef = 4F8B3C252BC8F07600D4047D /* BinaryTreeLevelOrderTraversal.cpp */; };
		4F8B3C2A2BC8F7EB00D4047D /* BinaryTreeRightSideView.cpp in Sources */ = {isa = PBXBuildFile; fileRef = 4F8B3C282BC8F7EB00D4047D /* BinaryTreeRightSideView.cpp */; };
		4F8B3C2D2BC8FD3900D4047D /* CountGoodNodesInBinaryTree.cpp in Sources */ = {isa = PBXBuildFile; fileRef = 4F8B3C2B2BC8FD3900D4047D /* CountGoodNodesInBinaryTree.cpp */; };
		4F8B3C302BCC1ABF00D4047D /* ValidateBinarySearchTree.cpp in Sources */ = {isa = PBXBuildFile; fileRef = 4F8B3C2E2BCC1ABF00D4047D /* ValidateBinarySearchTree.cpp */; };
		4F8B3C332BCC273600D4047D /* KthSmallestInBST.cpp in Sources */ = {isa = PBXBuildFile; fileRef = 4F8B3C312BCC273600D4047D /* KthSmallestInBST.cpp */; };
		4F8B3C362BCCFAB300D4047D /* ConstructTree.cpp in Sources */ = {isa = PBXBuildFile; fileRef = 4F8B3C342BCCFAB300D4047D /* ConstructTree.cpp */; };
		4F8B3C392BCD0DE200D4047D /* BinaryTreeMaximumPathSum.cpp in Sources */ = {isa = PBXBuildFile; fileRef = 4F8B3C372BCD0DE200D4047D /* BinaryTreeMaximumPathSum.cpp */; };
		4F8B3C3C2BCD161500D4047D /* SerializeAndDeserializeBinaryTree.cpp in Sources */ = {isa = PBXBuildFile; fileRef = 4F8B3C3A2BCD161500D4047D /* SerializeAndDeserializeBinaryTree.cpp */; };
		4FA184332B7D9DA0003A1724 /* ThreeSum.cpp in Sources */ = {isa = PBXBuildFile; fileRef = 4FA184312B7D9DA0003A1724 /* ThreeSum.cpp */; };
		4FA184362B7E0AF7003A1724 /* GroupAnagrams.cpp in Sources */ = {isa = PBXBuildFile; fileRef = 4FA184342B7E0AF7003A1724 /* GroupAnagrams.cpp */; };
		4FA184392B7F3813003A1724 /* MaximumProductSubarray.cpp in Sources */ = {isa = PBXBuildFile; fileRef = 4FA184372B7F3813003A1724 /* MaximumProductSubarray.cpp */; };
		4FA1843C2B7F4999003A1724 /* SearchInRotatedSortedArray.cpp in Sources */ = {isa = PBXBuildFile; fileRef = 4FA1843A2B7F4999003A1724 /* SearchInRotatedSortedArray.cpp */; };
		4FA1843F2B8C7B1B003A1724 /* ReverseLinkedList.cpp in Sources */ = {isa = PBXBuildFile; fileRef = 4FA1843D2B8C7B1B003A1724 /* ReverseLinkedList.cpp */; };
		4FA184422B8C8FC8003A1724 /* LinkedListCycle.cpp in Sources */ = {isa = PBXBuildFile; fileRef = 4FA184402B8C8FC8003A1724 /* LinkedListCycle.cpp */; };
		4FA184452B8D7505003A1724 /* ContainWithMostWater.cpp in Sources */ = {isa = PBXBuildFile; fileRef = 4FA184432B8D7505003A1724 /* ContainWithMostWater.cpp */; };
		4FA184482B8D849B003A1724 /* FindMinimumInRotatedSortedArray.cpp in Sources */ = {isa = PBXBuildFile; fileRef = 4FA184462B8D849B003A1724 /* FindMinimumInRotatedSortedArray.cpp */; };
		4FC332AD2BBA778600BE85DF /* MiniumWindowSubstring.cpp in Sources */ = {isa = PBXBuildFile; fileRef = 4FC332AB2BBA778600BE85DF /* MiniumWindowSubstring.cpp */; };
		4FC332B02BBA7DB700BE85DF /* SlidingWindowMaximum.cpp in Sources */ = {isa = PBXBuildFile; fileRef = 4FC332AE2BBA7DB700BE85DF /* SlidingWindowMaximum.cpp */; };
		4FC332B62BBBF66B00BE85DF /* EvaluateReversePolishNotation.cpp in Sources */ = {isa = PBXBuildFile; fileRef = 4FC332B42BBBF66B00BE85DF /* EvaluateReversePolishNotation.cpp */; };
		4FC98BCA2BB6BD8C00EB0989 /* ContainsDuplicate.cpp in Sources */ = {isa = PBXBuildFile; fileRef = 4FC98BC82BB6BD8C00EB0989 /* ContainsDuplicate.cpp */; };
		4FC98BCD2BB6BEA600EB0989 /* ValidSudoku.cpp in Sources */ = {isa = PBXBuildFile; fileRef = 4FC98BCB2BB6BEA600EB0989 /* ValidSudoku.cpp */; };
		4FC98BD02BB6C66200EB0989 /* LongestConsecutiveSequence.cpp in Sources */ = {isa = PBXBuildFile; fileRef = 4FC98BCE2BB6C66200EB0989 /* LongestConsecutiveSequence.cpp */; };
		4FC98BD32BB7A33B00EB0989 /* ValidPalindrome.cpp in Sources */ = {isa = PBXBuildFile; fileRef = 4FC98BD12BB7A33B00EB0989 /* ValidPalindrome.cpp */; };
		4FC98BD62BB7B81B00EB0989 /* TwoSumII.cpp in Sources */ = {isa = PBXBuildFile; fileRef = 4FC98BD42BB7B81B00EB0989 /* TwoSumII.cpp */; };
		4FC98BD92BB7B89000EB0989 /* TrappingRainWater.cpp in Sources */ = {isa = PBXBuildFile; fileRef = 4FC98BD72BB7B89000EB0989 /* TrappingRainWater.cpp */; };
		4FC98BDC2BB8F78300EB0989 /* BestTimeToBuyAndSellStock.cpp in Sources */ = {isa = PBXBuildFile; fileRef = 4FC98BDA2BB8F78300EB0989 /* BestTimeToBuyAndSellStock.cpp */; };
		4FC98BE22BB8FAC500EB0989 /* LongestSubstringWithoutRepeatingChar.cpp in Sources */ = {isa = PBXBuildFile; fileRef = 4FC98BE02BB8FAC500EB0989 /* LongestSubstringWithoutRepeatingChar.cpp */; };
		4FC98BE82BB986E200EB0989 /* LongestCharacterReplacement.cpp in Sources */ = {isa = PBXBuildFile; fileRef = 4FC98BE62BB986E200EB0989 /* LongestCharacterReplacement.cpp */; };
		4FC98BEB2BBA547000EB0989 /* PermutationInString.cpp in Sources */ = {isa = PBXBuildFile; fileRef = 4FC98BE92BBA547000EB0989 /* PermutationInString.cpp */; };
		4FE4F8D82B77A9C50071AE13 /* ProductOfArrayExceptSelf.cpp in Sources */ = {isa = PBXBuildFile; fileRef = 4FE4F8D62B77A9C50071AE13 /* ProductOfArrayExceptSelf.cpp */; };
		7B3497A4C32C455C8FAE6BE4 /* TopKFrequent.cpp in Sources */ = {isa = PBXBuildFile; fileRef = 40F6998EA10346A2BABEF5AB /* TopKFrequent.cpp */; };
		9337A884C53F48EE847CCD02 /* MergeIntervals.cpp in Sources */ = {isa = PBXBuildFile; fileRef = 1B378BD2F6A14EC4A9D22741 /* MergeIntervals.cpp */; };
		F0FC3B8252544AECBE2EA7A8 /* FindTheDuplicateNumber.cpp in Sources */ = {isa = PBXBuildFile; fileRef = 60DFD07BE6A742C29581D553 /* FindTheDuplicateNumber.cpp */; };
		FA1D09BC0B644EFE8667A676 /* main.cpp in Sources */ = {isa = PBXBuildFile; fileRef = 30C1D520E93E49C0AD183B69 /* main.cpp */; };
		FC2F52DEAD4A4AE287FD05F9 /* ContinuousSubarraySum.cpp in Sources */ = {isa = PBXBuildFile; fileRef = 4B1AC0698941417AA38AD867 /* ContinuousSubarraySum.cpp */; };
/* End PBXBuildFile section */

/* Begin PBXContainerItemProxy section */
		6D4A25E08A594C4DACFA6551 /* PBXContainerItemProxy */ = {
			isa = PBXContainerItemProxy;
			containerPortal = 2D002D29F1E4405B94D40547 /* Project object */;
			proxyType = 1;
			remoteGlobalIDString = 1D3AB4AEA8134E3BBCBCED07;
			remoteInfo = ZERO_CHECK;
		};
		C24DC3A1C80D4619A629ECA8 /* PBXContainerItemProxy */ = {
			isa = PBXContainerItemProxy;
			containerPortal = 2D002D29F1E4405B94D40547 /* Project object */;
			proxyType = 1;
			remoteGlobalIDString = 625674681C444009B31FD01E;
			remoteInfo = ds_algo;
		};
		E85D3741D7404A648FFDE1A3 /* PBXContainerItemProxy */ = {
			isa = PBXContainerItemProxy;
			containerPortal = 2D002D29F1E4405B94D40547 /* Project object */;
			proxyType = 1;
			remoteGlobalIDString = 1D3AB4AEA8134E3BBCBCED07;
			remoteInfo = ZERO_CHECK;
		};
/* End PBXContainerItemProxy section */

/* Begin PBXFileReference section */
		11BBC7FE40CB4FF7B89FD6E0 /* TopKFrequent.h */ = {isa = PBXFileReference; explicitFileType = sourcecode.c.h; fileEncoding = 4; name = TopKFrequent.h; path = Week2/TopKFrequent.h; sourceTree = SOURCE_ROOT; };
		1236C54DC1694B0FAB4863AC /* ValidAnagram.h */ = {isa = PBXFileReference; explicitFileType = sourcecode.c.h; fileEncoding = 4; name = ValidAnagram.h; path = Week1/ValidAnagram.h; sourceTree = SOURCE_ROOT; };
		1B378BD2F6A14EC4A9D22741 /* MergeIntervals.cpp */ = {isa = PBXFileReference; explicitFileType = sourcecode.cpp.cpp; fileEncoding = 4; name = MergeIntervals.cpp; path = Week3/MergeIntervals.cpp; sourceTree = SOURCE_ROOT; };
		2661DBE466704D91A6A56696 /* MergeIntervals.hpp */ = {isa = PBXFileReference; explicitFileType = sourcecode.cpp.h; fileEncoding = 4; name = MergeIntervals.hpp; path = Week3/MergeIntervals.hpp; sourceTree = SOURCE_ROOT; };
		30C1D520E93E49C0AD183B69 /* main.cpp */ = {isa = PBXFileReference; explicitFileType = sourcecode.cpp.cpp; fileEncoding = 4; path = main.cpp; sourceTree = SOURCE_ROOT; };
		3B25BED4C1CC46438B7DEC2C /* CMakeLists.txt */ = {isa = PBXFileReference; explicitFileType = sourcecode.text; fileEncoding = 4; lastKnownFileType = text; path = CMakeLists.txt; sourceTree = SOURCE_ROOT; };
		40F6998EA10346A2BABEF5AB /* TopKFrequent.cpp */ = {isa = PBXFileReference; explicitFileType = sourcecode.cpp.cpp; fileEncoding = 4; name = TopKFrequent.cpp; path = Week2/TopKFrequent.cpp; sourceTree = SOURCE_ROOT; };
		4B1AC0698941417AA38AD867 /* ContinuousSubarraySum.cpp */ = {isa = PBXFileReference; explicitFileType = sourcecode.cpp.cpp; fileEncoding = 4; name = ContinuousSubarraySum.cpp; path = Week3/ContinuousSubarraySum.cpp; sourceTree = SOURCE_ROOT; };
		4F1028B92BD206AE008DB16B /* KthLargest.cpp */ = {isa = PBXFileReference; lastKnownFileType = sourcecode.cpp.cpp; name = KthLargest.cpp; path = PGWeek4/KthLargest.cpp; sourceTree = "<group>"; };
		4F1028BA2BD206AE008DB16B /* KthLargest.hpp */ = {isa = PBXFileReference; lastKnownFileType = sourcecode.cpp.h; name = KthLargest.hpp; path = PGWeek4/KthLargest.hpp; sourceTree = "<group>"; };
		4F44A8932BD7B8A80093BB44 /* LastStoneWeight.cpp */ = {isa = PBXFileReference; lastKnownFileType = sourcecode.cpp.cpp; name = LastStoneWeight.cpp; path = PGWeek5/LastStoneWeight.cpp; sourceTree = "<group>"; };
		4F44A8942BD7B8A80093BB44 /* LastStoneWeight.hpp */ = {isa = PBXFileReference; lastKnownFileType = sourcecode.cpp.h; name = LastStoneWeight.hpp; path = PGWeek5/LastStoneWeight.hpp; sourceTree = "<group>"; };
		4F44A8962BD7E2D80093BB44 /* KClosestPointToOrigin.cpp */ = {isa = PBXFileReference; lastKnownFileType = sourcecode.cpp.cpp; name = KClosestPointToOrigin.cpp; path = PGWeek5/KClosestPointToOrigin.cpp; sourceTree = "<group>"; };
		4F44A8972BD7E2D80093BB44 /* KClosestPointToOrigin.hpp */ = {isa = PBXFileReference; lastKnownFileType = sourcecode.cpp.h; name = KClosestPointToOrigin.hpp; path = PGWeek5/KClosestPointToOrigin.hpp; sourceTree = "<group>"; };
		4F44A8992BD7E75E0093BB44 /* KthLargestElementInAnArray.cpp */ = {isa = PBXFileReference; lastKnownFileType = sourcecode.cpp.cpp; name = KthLargestElementInAnArray.cpp; path = PGWeek5/KthLargestElementInAnArray.cpp; sourceTree = "<group>"; };
		4F44A89A2BD7E75E0093BB44 /* KthLargestElementInAnArray.hpp */ = {isa = PBXFileReference; lastKnownFileType = sourcecode.cpp.h; name = KthLargestElementInAnArray.hpp; path = PGWeek5/KthLargestElementInAnArray.hpp; sourceTree = "<group>"; };
		4F44A89C2BD8CB900093BB44 /* TaskScheduler.cpp */ = {isa = PBXFileReference; lastKnownFileType = sourcecode.cpp.cpp; name = TaskScheduler.cpp; path = PGWeek5/TaskScheduler.cpp; sourceTree = "<group>"; };
		4F44A89D2BD8CB900093BB44 /* TaskScheduler.hpp */ = {isa = PBXFileReference; lastKnownFileType = sourcecode.cpp.h; name = TaskScheduler.hpp; path = PGWeek5/TaskScheduler.hpp; sourceTree = "<group>"; };
		4F44A89F2BD8E28E0093BB44 /* DesignTwitter.cpp */ = {isa = PBXFileReference; lastKnownFileType = sourcecode.cpp.cpp; name = DesignTwitter.cpp; path = PGWeek5/DesignTwitter.cpp; sourceTree = "<group>"; };
		4F44A8A02BD8E28E0093BB44 /* DesignTwitter.hpp */ = {isa = PBXFileReference; lastKnownFileType = sourcecode.cpp.h; name = DesignTwitter.hpp; path = PGWeek5/DesignTwitter.hpp; sourceTree = "<group>"; };
		4F44A8A22BDB72910093BB44 /* FindMedianFromDataStream.cpp */ = {isa = PBXFileReference; lastKnownFileType = sourcecode.cpp.cpp; name = FindMedianFromDataStream.cpp; path = PGWeek5/FindMedianFromDataStream.cpp; sourceTree = "<group>"; };
		4F44A8A32BDB72910093BB44 /* FindMedianFromDataStream.hpp */ = {isa = PBXFileReference; lastKnownFileType = sourcecode.cpp.h; name = FindMedianFromDataStream.hpp; path = PGWeek5/FindMedianFromDataStream.hpp; sourceTree = "<group>"; };
		4F44A8A52BDB8DE80093BB44 /* Subsets.cpp */ = {isa = PBXFileReference; lastKnownFileType = sourcecode.cpp.cpp; name = Subsets.cpp; path = PGWeek5/Subsets.cpp; sourceTree = "<group>"; };
		4F44A8A62BDB8DE80093BB44 /* Subsets.hpp */ = {isa = PBXFileReference; lastKnownFileType = sourcecode.cpp.h; name = Subsets.hpp; path = PGWeek5/Subsets.hpp; sourceTree = "<group>"; };
		4F44A8AB2BDBB2050093BB44 /* CombinationSum.cpp */ = {isa = PBXFileReference; lastKnownFileType = sourcecode.cpp.cpp; name = CombinationSum.cpp; path = PGWeek5/CombinationSum.cpp; sourceTree = "<group>"; };
		4F44A8AC2BDBB2050093BB44 /* CombinationSum.hpp */ = {isa = PBXFileReference; lastKnownFileType = sourcecode.cpp.h; name = CombinationSum.hpp; path = PGWeek5/CombinationSum.hpp; sourceTree = "<group>"; };
		4F44A8AE2BDBB91A0093BB44 /* Permutations.cpp */ = {isa = PBXFileReference; lastKnownFileType = sourcecode.cpp.cpp; name = Permutations.cpp; path = PGWeek5/Permutations.cpp; sourceTree = "<group>"; };
		4F44A8AF2BDBB91A0093BB44 /* Permutations.hpp */ = {isa = PBXFileReference; lastKnownFileType = sourcecode.cpp.h; name = Permutations.hpp; path = PGWeek5/Permutations.hpp; sourceTree = "<group>"; };
		4F44A8B12BDBFED40093BB44 /* SubsetsII.cpp */ = {isa = PBXFileReference; lastKnownFileType = sourcecode.cpp.cpp; name = SubsetsII.cpp; path = PGWeek5/SubsetsII.cpp; sourceTree = "<group>"; };
		4F44A8B22BDBFED40093BB44 /* SubsetsII.hpp */ = {isa = PBXFileReference; lastKnownFileType = sourcecode.cpp.h; name = SubsetsII.hpp; path = PGWeek5/SubsetsII.hpp; sourceTree = "<group>"; };
		4F44A8B42BDC0B660093BB44 /* CombinationSumII.cpp */ = {isa = PBXFileReference; lastKnownFileType = sourcecode.cpp.cpp; name = CombinationSumII.cpp; path = PGWeek5/CombinationSumII.cpp; sourceTree = "<group>"; };
		4F44A8B52BDC0B660093BB44 /* CombinationSumII.hpp */ = {isa = PBXFileReference; lastKnownFileType = sourcecode.cpp.h; name = CombinationSumII.hpp; path = PGWeek5/CombinationSumII.hpp; sourceTree = "<group>"; };
		4F44A8B72BDC93750093BB44 /* WordSearch.cpp */ = {isa = PBXFileReference; lastKnownFileType = sourcecode.cpp.cpp; name = WordSearch.cpp; path = PGWeek5/WordSearch.cpp; sourceTree = "<group>"; };
		4F44A8B82BDC93750093BB44 /* WordSearch.hpp */ = {isa = PBXFileReference; lastKnownFileType = sourcecode.cpp.h; name = WordSearch.hpp; path = PGWeek5/WordSearch.hpp; sourceTree = "<group>"; };
		4F44A8BA2BDC9DDF0093BB44 /* PalindromePartitioning.cpp */ = {isa = PBXFileReference; lastKnownFileType = sourcecode.cpp.cpp; name = PalindromePartitioning.cpp; path = PGWeek5/PalindromePartitioning.cpp; sourceTree = "<group>"; };
		4F44A8BB2BDC9DDF0093BB44 /* PalindromePartitioning.hpp */ = {isa = PBXFileReference; lastKnownFileType = sourcecode.cpp.h; name = PalindromePartitioning.hpp; path = PGWeek5/PalindromePartitioning.hpp; sourceTree = "<group>"; };
		4F44A8BD2BDCA4AB0093BB44 /* LetterCombinationsOfAPhoneNumber.cpp */ = {isa = PBXFileReference; lastKnownFileType = sourcecode.cpp.cpp; name = LetterCombinationsOfAPhoneNumber.cpp; path = PGWeek5/LetterCombinationsOfAPhoneNumber.cpp; sourceTree = "<group>"; };
		4F44A8BE2BDCA4AB0093BB44 /* LetterCombinationsOfAPhoneNumber.hpp */ = {isa = PBXFileReference; lastKnownFileType = sourcecode.cpp.h; name = LetterCombinationsOfAPhoneNumber.hpp; path = PGWeek5/LetterCombinationsOfAPhoneNumber.hpp; sourceTree = "<group>"; };
		4F44A8C32BDCA8170093BB44 /* NQueens.cpp */ = {isa = PBXFileReference; lastKnownFileType = sourcecode.cpp.cpp; name = NQueens.cpp; path = PGWeek5/NQueens.cpp; sourceTree = "<group>"; };
		4F44A8C42BDCA8170093BB44 /* NQueens.hpp */ = {isa = PBXFileReference; lastKnownFileType = sourcecode.cpp.h; name = NQueens.hpp; path = PGWeek5/NQueens.hpp; sourceTree = "<group>"; };
		4F44A8C62BDCB6FF0093BB44 /* ImplementTrie.cpp */ = {isa = PBXFileReference; lastKnownFileType = sourcecode.cpp.cpp; name = ImplementTrie.cpp; path = PGWeek5/ImplementTrie.cpp; sourceTree = "<group>"; };
		4F44A8C72BDCB6FF0093BB44 /* ImplementTrie.hpp */ = {isa = PBXFileReference; lastKnownFileType = sourcecode.cpp.h; name = ImplementTrie.hpp; path = PGWeek5/ImplementTrie.hpp; sourceTree = "<group>"; };
		4F44A8C92BDD486A0093BB44 /* DesignAddAndSearchWords.cpp */ = {isa = PBXFileReference; lastKnownFileType = sourcecode.cpp.cpp; name = DesignAddAndSearchWords.cpp; path = PGWeek5/DesignAddAndSearchWords.cpp; sourceTree = "<group>"; };
		4F44A8CA2BDD486A0093BB44 /* DesignAddAndSearchWords.hpp */ = {isa = PBXFileReference; lastKnownFileType = sourcecode.cpp.h; name = DesignAddAndSearchWords.hpp; path = PGWeek5/DesignAddAndSearchWords.hpp; sourceTree = "<group>"; };
		4F44A8CC2BDD552E0093BB44 /* WordSearchII.cpp */ = {isa = PBXFileReference; lastKnownFileType = sourcecode.cpp.cpp; name = WordSearchII.cpp; path = PGWeek5/WordSearchII.cpp; sourceTree = "<group>"; };
		4F44A8CD2BDD552E0093BB44 /* WordSearchII.hpp */ = {isa = PBXFileReference; lastKnownFileType = sourcecode.cpp.h; name = WordSearchII.hpp; path = PGWeek5/WordSearchII.hpp; sourceTree = "<group>"; };
		4F44A8CF2BDF7AFB0093BB44 /* NumberOfIslands.cpp */ = {isa = PBXFileReference; lastKnownFileType = sourcecode.cpp.cpp; name = NumberOfIslands.cpp; path = PGWeek6/NumberOfIslands.cpp; sourceTree = "<group>"; };
		4F44A8D02BDF7AFB0093BB44 /* NumberOfIslands.hpp */ = {isa = PBXFileReference; lastKnownFileType = sourcecode.cpp.h; name = NumberOfIslands.hpp; path = PGWeek6/NumberOfIslands.hpp; sourceTree = "<group>"; };
		4F44A8D22BDF80620093BB44 /* MaxAreaOfIsland.cpp */ = {isa = PBXFileReference; lastKnownFileType = sourcecode.cpp.cpp; name = MaxAreaOfIsland.cpp; path = PGWeek6/MaxAreaOfIsland.cpp; sourceTree = "<group>"; };
		4F44A8D32BDF80620093BB44 /* MaxAreaOfIsland.hpp */ = {isa = PBXFileReference; lastKnownFileType = sourcecode.cpp.h; name = MaxAreaOfIsland.hpp; path = PGWeek6/MaxAreaOfIsland.hpp; sourceTree = "<group>"; };
		4F44A8D52BDF83800093BB44 /* CloneGraph.cpp */ = {isa = PBXFileReference; lastKnownFileType = sourcecode.cpp.cpp; name = CloneGraph.cpp; path = PGWeek6/CloneGraph.cpp; sourceTree = "<group>"; };
		4F44A8D62BDF83800093BB44 /* CloneGraph.hpp */ = {isa = PBXFileReference; lastKnownFileType = sourcecode.cpp.h; name = CloneGraph.hpp; path = PGWeek6/CloneGraph.hpp; sourceTree = "<group>"; };
		4F44A8D82BDF86C80093BB44 /* RottingOranges.cpp */ = {isa = PBXFileReference; lastKnownFileType = sourcecode.cpp.cpp; name = RottingOranges.cpp; path = PGWeek6/RottingOranges.cpp; sourceTree = "<group>"; };
		4F44A8D92BDF86C80093BB44 /* RottingOranges.hpp */ = {isa = PBXFileReference; lastKnownFileType = sourcecode.cpp.h; name = RottingOranges.hpp; path = PGWeek6/RottingOranges.hpp; sourceTree = "<group>"; };
		4F44A8DB2BDF8F920093BB44 /* PacificAtlanticWaterFlow.cpp */ = {isa = PBXFileReference; lastKnownFileType = sourcecode.cpp.cpp; name = PacificAtlanticWaterFlow.cpp; path = PGWeek6/PacificAtlanticWaterFlow.cpp; sourceTree = "<group>"; };
		4F44A8DC2BDF8F920093BB44 /* PacificAtlanticWaterFlow.hpp */ = {isa = PBXFileReference; lastKnownFileType = sourcecode.cpp.h; name = PacificAtlanticWaterFlow.hpp; path = PGWeek6/PacificAtlanticWaterFlow.hpp; sourceTree = "<group>"; };
		4F8B3BDD2BBC084E00D4047D /* GenerateParanthesis.cpp */ = {isa = PBXFileReference; lastKnownFileType = sourcecode.cpp.cpp; name = GenerateParanthesis.cpp; path = PGWeek2/GenerateParanthesis.cpp; sourceTree = "<group>"; };
		4F8B3BDE2BBC084E00D4047D /* GenerateParanthesis.hpp */ = {isa = PBXFileReference; lastKnownFileType = sourcecode.cpp.h; name = GenerateParanthesis.hpp; path = PGWeek2/GenerateParanthesis.hpp; sourceTree = "<group>"; };
		4F8B3BE02BBE595E00D4047D /* DailyTemperature.cpp */ = {isa = PBXFileReference; lastKnownFileType = sourcecode.cpp.cpp; name = DailyTemperature.cpp; path = PGWeek2/DailyTemperature.cpp; sourceTree = "<group>"; };
		4F8B3BE12BBE595E00D4047D /* DailyTemperature.hpp */ = {isa = PBXFileReference; lastKnownFileType = sourcecode.cpp.h; name = DailyTemperature.hpp; path = PGWeek2/DailyTemperature.hpp; sourceTree = "<group>"; };
		4F8B3BE32BBE630600D4047D /* CarFleet.cpp */ = {isa = PBXFileReference; lastKnownFileType = sourcecode.cpp.cpp; name = CarFleet.cpp; path = PGWeek2/CarFleet.cpp; sourceTree = "<group>"; };
		4F8B3BE42BBE630600D4047D /* CarFleet.hpp */ = {isa = PBXFileReference; lastKnownFileType = sourcecode.cpp.h; name = CarFleet.hpp; path = PGWeek2/CarFleet.hpp; sourceTree = "<group>"; };
		4F8B3BE62BBEA3E600D4047D /* LargestRectangleInHistogram.cpp */ = {isa = PBXFileReference; lastKnownFileType = sourcecode.cpp.cpp; name = LargestRectangleInHistogram.cpp; path = PGWeek2/LargestRectangleInHistogram.cpp; sourceTree = "<group>"; };
		4F8B3BE72BBEA3E600D4047D /* LargestRectangleInHistogram.hpp */ = {isa = PBXFileReference; lastKnownFileType = sourcecode.cpp.h; name = LargestRectangleInHistogram.hpp; path = PGWeek2/LargestRectangleInHistogram.hpp; sourceTree = "<group>"; };
		4F8B3BE92BBFBFCB00D4047D /* BinarySearch.cpp */ = {isa = PBXFileReference; lastKnownFileType = sourcecode.cpp.cpp; name = BinarySearch.cpp; path = PGWeek2/BinarySearch.cpp; sourceTree = "<group>"; };
		4F8B3BEA2BBFBFCB00D4047D /* BinarySearch.hpp */ = {isa = PBXFileReference; lastKnownFileType = sourcecode.cpp.h; name = BinarySearch.hpp; path = PGWeek2/BinarySearch.hpp; sourceTree = "<group>"; };
		4F8B3BEC2BBFCA6000D4047D /* SearchA2DMatrix.cpp */ = {isa = PBXFileReference; lastKnownFileType = sourcecode.cpp.cpp; name = SearchA2DMatrix.cpp; path = PGWeek2/SearchA2DMatrix.cpp; sourceTree = "<group>"; };
		4F8B3BED2BBFCA6000D4047D /* SearchA2DMatrix.hpp */ = {isa = PBXFileReference; lastKnownFileType = sourcecode.cpp.h; name = SearchA2DMatrix.hpp; path = PGWeek2/SearchA2DMatrix.hpp; sourceTree = "<group>"; };
		4F8B3BEF2BBFCD1900D4047D /* KokoEatingBananas.cpp */ = {isa = PBXFileReference; lastKnownFileType = sourcecode.cpp.cpp; name = KokoEatingBananas.cpp; path = PGWeek2/KokoEatingBananas.cpp; sourceTree = "<group>"; };
		4F8B3BF02BBFCD1900D4047D /* KokoEatingBananas.hpp */ = {isa = PBXFileReference; lastKnownFileType = sourcecode.cpp.h; name = KokoEatingBananas.hpp; path = PGWeek2/KokoEatingBananas.hpp; sourceTree = "<group>"; };
		4F8B3BF22BC1A62B00D4047D /* TimeBasedKeyValueStore.cpp */ = {isa = PBXFileReference; lastKnownFileType = sourcecode.cpp.cpp; name = TimeBasedKeyValueStore.cpp; path = PGWeek2/TimeBasedKeyValueStore.cpp; sourceTree = "<group>"; };
		4F8B3BF32BC1A62B00D4047D /* TimeBasedKeyValueStore.hpp */ = {isa = PBXFileReference; lastKnownFileType = sourcecode.cpp.h; name = TimeBasedKeyValueStore.hpp; path = PGWeek2/TimeBasedKeyValueStore.hpp; sourceTree = "<group>"; };
		4F8B3BF52BC2B6F300D4047D /* MediumOfTwoSortedArray.cpp */ = {isa = PBXFileReference; lastKnownFileType = sourcecode.cpp.cpp; name = MediumOfTwoSortedArray.cpp; path = PGWeek2/MediumOfTwoSortedArray.cpp; sourceTree = "<group>"; };
		4F8B3BF62BC2B6F300D4047D /* MediumOfTwoSortedArray.hpp */ = {isa = PBXFileReference; lastKnownFileType = sourcecode.cpp.h; name = MediumOfTwoSortedArray.hpp; path = PGWeek2/MediumOfTwoSortedArray.hpp; sourceTree = "<group>"; };
		4F8B3BF82BC2F22F00D4047D /* MergeTwoSortedList.cpp */ = {isa = PBXFileReference; lastKnownFileType = sourcecode.cpp.cpp; name = MergeTwoSortedList.cpp; path = PGWeek2/MergeTwoSortedList.cpp; sourceTree = "<group>"; };
		4F8B3BF92BC2F22F00D4047D /* MergeTwoSortedList.hpp */ = {isa = PBXFileReference; lastKnownFileType = sourcecode.cpp.h; name = MergeTwoSortedList.hpp; path = PGWeek2/MergeTwoSortedList.hpp; sourceTree = "<group>"; };
		4F8B3BFB2BC2F7D400D4047D /* ReorderList.cpp */ = {isa = PBXFileReference; lastKnownFileType = sourcecode.cpp.cpp; name = ReorderList.cpp; path = PGWeek2/ReorderList.cpp; sourceTree = "<group>"; };
		4F8B3BFC2BC2F7D400D4047D /* ReorderList.hpp */ = {isa = PBXFileReference; lastKnownFileType = sourcecode.cpp.h; name = ReorderList.hpp; path = PGWeek2/ReorderList.hpp; sourceTree = "<group>"; };
		4F8B3BFE2BC3C54000D4047D /* RemoveNthNodeFromEndOfList.cpp */ = {isa = PBXFileReference; lastKnownFileType = sourcecode.cpp.cpp; name = RemoveNthNodeFromEndOfList.cpp; path = PGWeek3/RemoveNthNodeFromEndOfList.cpp; sourceTree = "<group>"; };
		4F8B3BFF2BC3C54000D4047D /* RemoveNthNodeFromEndOfList.hpp */ = {isa = PBXFileReference; lastKnownFileType = sourcecode.cpp.h; name = RemoveNthNodeFromEndOfList.hpp; path = PGWeek3/RemoveNthNodeFromEndOfList.hpp; sourceTree = "<group>"; };
		4F8B3C012BC3F1D400D4047D /* CopyListWithRandomPointer.cpp */ = {isa = PBXFileReference; lastKnownFileType = sourcecode.cpp.cpp; name = CopyListWithRandomPointer.cpp; path = PGWeek3/CopyListWithRandomPointer.cpp; sourceTree = "<group>"; };
		4F8B3C022BC3F1D400D4047D /* CopyListWithRandomPointer.hpp */ = {isa = PBXFileReference; lastKnownFileType = sourcecode.cpp.h; name = CopyListWithRandomPointer.hpp; path = PGWeek3/CopyListWithRandomPointer.hpp; sourceTree = "<group>"; };
		4F8B3C042BC4E94C00D4047D /* AddTwoNumbers.cpp */ = {isa = PBXFileReference; lastKnownFileType = sourcecode.cpp.cpp; name = AddTwoNumbers.cpp; path = PGWeek3/AddTwoNumbers.cpp; sourceTree = "<group>"; };
		4F8B3C052BC4E94C00D4047D /* AddTwoNumbers.hpp */ = {isa = PBXFileReference; lastKnownFileType = sourcecode.cpp.h; name = AddTwoNumbers.hpp; path = PGWeek3/AddTwoNumbers.hpp; sourceTree = "<group>"; };
		4F8B3C072BC51E8500D4047D /* LRUCache.cpp */ = {isa = PBXFileReference; lastKnownFileType = sourcecode.cpp.cpp; name = LRUCache.cpp; path = PGWeek3/LRUCache.cpp; sourceTree = "<group>"; };
		4F8B3C082BC51E8500D4047D /* LRUCache.hpp */ = {isa = PBXFileReference; lastKnownFileType = sourcecode.cpp.h; name = LRUCache.hpp; path = PGWeek3/LRUCache.hpp; sourceTree = "<group>"; };
		4F8B3C0A2BC532F900D4047D /* MergeKList.cpp */ = {isa = PBXFileReference; lastKnownFileType = sourcecode.cpp.cpp; name = MergeKList.cpp; path = PGWeek3/MergeKList.cpp; sourceTree = "<group>"; };
		4F8B3C0B2BC532F900D4047D /* MergeKList.hpp */ = {isa = PBXFileReference; lastKnownFileType = sourcecode.cpp.h; name = MergeKList.hpp; path = PGWeek3/MergeKList.hpp; sourceTree = "<group>"; };
		4F8B3C0D2BC67DDC00D4047D /* ReverseNodesInKGroup.cpp */ = {isa = PBXFileReference; lastKnownFileType = sourcecode.cpp.cpp; name = ReverseNodesInKGroup.cpp; path = PGWeek3/ReverseNodesInKGroup.cpp; sourceTree = "<group>"; };
		4F8B3C0E2BC67DDC00D4047D /* ReverseNodesInKGroup.hpp */ = {isa = PBXFileReference; lastKnownFileType = sourcecode.cpp.h; name = ReverseNodesInKGroup.hpp; path = PGWeek3/ReverseNodesInKGroup.hpp; sourceTree = "<group>"; };
		4F8B3C102BC682C000D4047D /* InvertBinaryTree.cpp */ = {isa = PBXFileReference; lastKnownFileType = sourcecode.cpp.cpp; name = InvertBinaryTree.cpp; path = PGWeek3/InvertBinaryTree.cpp; sourceTree = "<group>"; };
		4F8B3C112BC682C000D4047D /* InvertBinaryTree.hpp */ = {isa = PBXFileReference; lastKnownFileType = sourcecode.cpp.h; name = InvertBinaryTree.hpp; path = PGWeek3/InvertBinaryTree.hpp; sourceTree = "<group>"; };
		4F8B3C132BC683FC00D4047D /* MaximumDepthOfBinaryTree.cpp */ = {isa = PBXFileReference; lastKnownFileType = sourcecode.cpp.cpp; name = MaximumDepthOfBinaryTree.cpp; path = PGWeek3/MaximumDepthOfBinaryTree.cpp; sourceTree = "<group>"; };
		4F8B3C142BC683FC00D4047D /* MaximumDepthOfBinaryTree.hpp */ = {isa = PBXFileReference; lastKnownFileType = sourcecode.cpp.h; name = MaximumDepthOfBinaryTree.hpp; path = PGWeek3/MaximumDepthOfBinaryTree.hpp; sourceTree = "<group>"; };
		4F8B3C162BC684C200D4047D /* DiameterOfBinaryTree.cpp */ = {isa = PBXFileReference; lastKnownFileType = sourcecode.cpp.cpp; name = DiameterOfBinaryTree.cpp; path = PGWeek3/DiameterOfBinaryTree.cpp; sourceTree = "<group>"; };
		4F8B3C172BC684C200D4047D /* DiameterOfBinaryTree.hpp */ = {isa = PBXFileReference; lastKnownFileType = sourcecode.cpp.h; name = DiameterOfBinaryTree.hpp; path = PGWeek3/DiameterOfBinaryTree.hpp; sourceTree = "<group>"; };
		4F8B3C192BC68B4000D4047D /* BalancedBinaryTree.cpp */ = {isa = PBXFileReference; lastKnownFileType = sourcecode.cpp.cpp; name = BalancedBinaryTree.cpp; path = PGWeek3/BalancedBinaryTree.cpp; sourceTree = "<group>"; };
		4F8B3C1A2BC68B4000D4047D /* BalancedBinaryTree.hpp */ = {isa = PBXFileReference; lastKnownFileType = sourcecode.cpp.h; name = BalancedBinaryTree.hpp; path = PGWeek3/BalancedBinaryTree.hpp; sourceTree = "<group>"; };
		4F8B3C1C2BC7869700D4047D /* SameTree.cpp */ = {isa = PBXFileReference; lastKnownFileType = sourcecode.cpp.cpp; name = SameTree.cpp; path = PGWeek3/SameTree.cpp; sourceTree = "<group>"; };
		4F8B3C1D2BC7869700D4047D /* SameTree.hpp */ = {isa = PBXFileReference; lastKnownFileType = sourcecode.cpp.h; name = SameTree.hpp; path = PGWeek3/SameTree.hpp; sourceTree = "<group>"; };
		4F8B3C1F2BC7887B00D4047D /* SubtreeOfAnotherTree.cpp */ = {isa = PBXFileReference; lastKnownFileType = sourcecode.cpp.cpp; name = SubtreeOfAnotherTree.cpp; path = PGWeek3/SubtreeOfAnotherTree.cpp; sourceTree = "<group>"; };
		4F8B3C202BC7887B00D4047D /* SubtreeOfAnotherTree.hpp */ = {isa = PBXFileReference; lastKnownFileType = sourcecode.cpp.h; name = SubtreeOfAnotherTree.hpp; path = PGWeek3/SubtreeOfAnotherTree.hpp; sourceTree = "<group>"; };
		4F8B3C222BC7B01300D4047D /* LowestCommonAncester.cpp */ = {isa = PBXFileReference; lastKnownFileType = sourcecode.cpp.cpp; name = LowestCommonAncester.cpp; path = PGWeek3/LowestCommonAncester.cpp; sourceTree = "<group>"; };
		4F8B3C232BC7B01300D4047D /* LowestCommonAncester.hpp */ = {isa = PBXFileReference; lastKnownFileType = sourcecode.cpp.h; name = LowestCommonAncester.hpp; path = PGWeek3/LowestCommonAncester.hpp; sourceTree = "<group>"; };
		4F8B3C252BC8F07600D4047D /* BinaryTreeLevelOrderTraversal.cpp */ = {isa = PBXFileReference; lastKnownFileType = sourcecode.cpp.cpp; name = BinaryTreeLevelOrderTraversal.cpp; path = PGWeek3/BinaryTreeLevelOrderTraversal.cpp; sourceTree = "<group>"; };
		4F8B3C262BC8F07600D4047D /* BinaryTreeLevelOrderTraversal.hpp */ = {isa = PBXFileReference; lastKnownFileType = sourcecode.cpp.h; name = BinaryTreeLevelOrderTraversal.hpp; path = PGWeek3/BinaryTreeLevelOrderTraversal.hpp; sourceTree = "<group>"; };
		4F8B3C282BC8F7EB00D4047D /* BinaryTreeRightSideView.cpp */ = {isa = PBXFileReference; lastKnownFileType = sourcecode.cpp.cpp; name = BinaryTreeRightSideView.cpp; path = PGWeek3/BinaryTreeRightSideView.cpp; sourceTree = "<group>"; };
		4F8B3C292BC8F7EB00D4047D /* BinaryTreeRightSideView.hpp */ = {isa = PBXFileReference; lastKnownFileType = sourcecode.cpp.h; name = BinaryTreeRightSideView.hpp; path = PGWeek3/BinaryTreeRightSideView.hpp; sourceTree = "<group>"; };
		4F8B3C2B2BC8FD3900D4047D /* CountGoodNodesInBinaryTree.cpp */ = {isa = PBXFileReference; lastKnownFileType = sourcecode.cpp.cpp; name = CountGoodNodesInBinaryTree.cpp; path = PGWeek3/CountGoodNodesInBinaryTree.cpp; sourceTree = "<group>"; };
		4F8B3C2C2BC8FD3900D4047D /* CountGoodNodesInBinaryTree.hpp */ = {isa = PBXFileReference; lastKnownFileType = sourcecode.cpp.h; name = CountGoodNodesInBinaryTree.hpp; path = PGWeek3/CountGoodNodesInBinaryTree.hpp; sourceTree = "<group>"; };
		4F8B3C2E2BCC1ABF00D4047D /* ValidateBinarySearchTree.cpp */ = {isa = PBXFileReference; lastKnownFileType = sourcecode.cpp.cpp; name = ValidateBinarySearchTree.cpp; path = PGWeek3/ValidateBinarySearchTree.cpp; sourceTree = "<group>"; };
		4F8B3C2F2BCC1ABF00D4047D /* ValidateBinarySearchTree.hpp */ = {isa = PBXFileReference; lastKnownFileType = sourcecode.cpp.h; name = ValidateBinarySearchTree.hpp; path = PGWeek3/ValidateBinarySearchTree.hpp; sourceTree = "<group>"; };
		4F8B3C312BCC273600D4047D /* KthSmallestInBST.cpp */ = {isa = PBXFileReference; lastKnownFileType = sourcecode.cpp.cpp; name = KthSmallestInBST.cpp; path = PGWeek3/KthSmallestInBST.cpp; sourceTree = "<group>"; };
		4F8B3C322BCC273600D4047D /* KthSmallestInBST.hpp */ = {isa = PBXFileReference; lastKnownFileType = sourcecode.cpp.h; name = KthSmallestInBST.hpp; path = PGWeek3/KthSmallestInBST.hpp; sourceTree = "<group>"; };
		4F8B3C342BCCFAB300D4047D /* ConstructTree.cpp */ = {isa = PBXFileReference; lastKnownFileType = sourcecode.cpp.cpp; name = ConstructTree.cpp; path = PGWeek4/ConstructTree.cpp; sourceTree = "<group>"; };
		4F8B3C352BCCFAB300D4047D /* ConstructTree.hpp */ = {isa = PBXFileReference; lastKnownFileType = sourcecode.cpp.h; name = ConstructTree.hpp; path = PGWeek4/ConstructTree.hpp; sourceTree = "<group>"; };
		4F8B3C372BCD0DE200D4047D /* BinaryTreeMaximumPathSum.cpp */ = {isa = PBXFileReference; lastKnownFileType = sourcecode.cpp.cpp; name = BinaryTreeMaximumPathSum.cpp; path = PGWeek4/BinaryTreeMaximumPathSum.cpp; sourceTree = "<group>"; };
		4F8B3C382BCD0DE200D4047D /* BinaryTreeMaximumPathSum.hpp */ = {isa = PBXFileReference; lastKnownFileType = sourcecode.cpp.h; name = BinaryTreeMaximumPathSum.hpp; path = PGWeek4/BinaryTreeMaximumPathSum.hpp; sourceTree = "<group>"; };
		4F8B3C3A2BCD161500D4047D /* SerializeAndDeserializeBinaryTree.cpp */ = {isa = PBXFileReference; lastKnownFileType = sourcecode.cpp.cpp; name = SerializeAndDeserializeBinaryTree.cpp; path = PGWeek4/SerializeAndDeserializeBinaryTree.cpp; sourceTree = "<group>"; };
		4F8B3C3B2BCD161500D4047D /* SerializeAndDeserializeBinaryTree.hpp */ = {isa = PBXFileReference; lastKnownFileType = sourcecode.cpp.h; name = SerializeAndDeserializeBinaryTree.hpp; path = PGWeek4/SerializeAndDeserializeBinaryTree.hpp; sourceTree = "<group>"; };
		4FA184312B7D9DA0003A1724 /* ThreeSum.cpp */ = {isa = PBXFileReference; lastKnownFileType = sourcecode.cpp.cpp; name = ThreeSum.cpp; path = Week3/ThreeSum.cpp; sourceTree = "<group>"; };
		4FA184322B7D9DA0003A1724 /* ThreeSum.hpp */ = {isa = PBXFileReference; lastKnownFileType = sourcecode.cpp.h; name = ThreeSum.hpp; path = Week3/ThreeSum.hpp; sourceTree = "<group>"; };
		4FA184342B7E0AF7003A1724 /* GroupAnagrams.cpp */ = {isa = PBXFileReference; lastKnownFileType = sourcecode.cpp.cpp; name = GroupAnagrams.cpp; path = Week3/GroupAnagrams.cpp; sourceTree = "<group>"; };
		4FA184352B7E0AF7003A1724 /* GroupAnagrams.hpp */ = {isa = PBXFileReference; lastKnownFileType = sourcecode.cpp.h; name = GroupAnagrams.hpp; path = Week3/GroupAnagrams.hpp; sourceTree = "<group>"; };
		4FA184372B7F3813003A1724 /* MaximumProductSubarray.cpp */ = {isa = PBXFileReference; lastKnownFileType = sourcecode.cpp.cpp; name = MaximumProductSubarray.cpp; path = Week3/MaximumProductSubarray.cpp; sourceTree = "<group>"; };
		4FA184382B7F3813003A1724 /* MaximumProductSubarray.hpp */ = {isa = PBXFileReference; lastKnownFileType = sourcecode.cpp.h; name = MaximumProductSubarray.hpp; path = Week3/MaximumProductSubarray.hpp; sourceTree = "<group>"; };
		4FA1843A2B7F4999003A1724 /* SearchInRotatedSortedArray.cpp */ = {isa = PBXFileReference; lastKnownFileType = sourcecode.cpp.cpp; name = SearchInRotatedSortedArray.cpp; path = Week3/SearchInRotatedSortedArray.cpp; sourceTree = "<group>"; };
		4FA1843B2B7F4999003A1724 /* SearchInRotatedSortedArray.hpp */ = {isa = PBXFileReference; lastKnownFileType = sourcecode.cpp.h; name = SearchInRotatedSortedArray.hpp; path = Week3/SearchInRotatedSortedArray.hpp; sourceTree = "<group>"; };
		4FA1843D2B8C7B1B003A1724 /* ReverseLinkedList.cpp */ = {isa = PBXFileReference; lastKnownFileType = sourcecode.cpp.cpp; name = ReverseLinkedList.cpp; path = Week3/ReverseLinkedList.cpp; sourceTree = "<group>"; };
		4FA1843E2B8C7B1B003A1724 /* ReverseLinkedList.hpp */ = {isa = PBXFileReference; lastKnownFileType = sourcecode.cpp.h; name = ReverseLinkedList.hpp; path = Week3/ReverseLinkedList.hpp; sourceTree = "<group>"; };
		4FA184402B8C8FC8003A1724 /* LinkedListCycle.cpp */ = {isa = PBXFileReference; lastKnownFileType = sourcecode.cpp.cpp; name = LinkedListCycle.cpp; path = Week3/LinkedListCycle.cpp; sourceTree = "<group>"; };
		4FA184412B8C8FC8003A1724 /* LinkedListCycle.hpp */ = {isa = PBXFileReference; lastKnownFileType = sourcecode.cpp.h; name = LinkedListCycle.hpp; path = Week3/LinkedListCycle.hpp; sourceTree = "<group>"; };
		4FA184432B8D7505003A1724 /* ContainWithMostWater.cpp */ = {isa = PBXFileReference; lastKnownFileType = sourcecode.cpp.cpp; name = ContainWithMostWater.cpp; path = Week3/ContainWithMostWater.cpp; sourceTree = "<group>"; };
		4FA184442B8D7505003A1724 /* ContainWithMostWater.hpp */ = {isa = PBXFileReference; lastKnownFileType = sourcecode.cpp.h; name = ContainWithMostWater.hpp; path = Week3/ContainWithMostWater.hpp; sourceTree = "<group>"; };
		4FA184462B8D849B003A1724 /* FindMinimumInRotatedSortedArray.cpp */ = {isa = PBXFileReference; lastKnownFileType = sourcecode.cpp.cpp; name = FindMinimumInRotatedSortedArray.cpp; path = Week3/FindMinimumInRotatedSortedArray.cpp; sourceTree = "<group>"; };
		4FA184472B8D849B003A1724 /* FindMinimumInRotatedSortedArray.hpp */ = {isa = PBXFileReference; lastKnownFileType = sourcecode.cpp.h; name = FindMinimumInRotatedSortedArray.hpp; path = Week3/FindMinimumInRotatedSortedArray.hpp; sourceTree = "<group>"; };
		4FC332AB2BBA778600BE85DF /* MiniumWindowSubstring.cpp */ = {isa = PBXFileReference; lastKnownFileType = sourcecode.cpp.cpp; name = MiniumWindowSubstring.cpp; path = PGWeek2/MiniumWindowSubstring.cpp; sourceTree = "<group>"; };
		4FC332AC2BBA778600BE85DF /* MiniumWindowSubstring.hpp */ = {isa = PBXFileReference; lastKnownFileType = sourcecode.cpp.h; name = MiniumWindowSubstring.hpp; path = PGWeek2/MiniumWindowSubstring.hpp; sourceTree = "<group>"; };
		4FC332AE2BBA7DB700BE85DF /* SlidingWindowMaximum.cpp */ = {isa = PBXFileReference; lastKnownFileType = sourcecode.cpp.cpp; name = SlidingWindowMaximum.cpp; path = PGWeek2/SlidingWindowMaximum.cpp; sourceTree = "<group>"; };
		4FC332AF2BBA7DB700BE85DF /* SlidingWindowMaximum.hpp */ = {isa = PBXFileReference; lastKnownFileType = sourcecode.cpp.h; name = SlidingWindowMaximum.hpp; path = PGWeek2/SlidingWindowMaximum.hpp; sourceTree = "<group>"; };
		4FC332B22BBBEF2200BE85DF /* MinStack.hpp */ = {isa = PBXFileReference; lastKnownFileType = sourcecode.cpp.h; name = MinStack.hpp; path = PGWeek2/MinStack.hpp; sourceTree = "<group>"; };
		4FC332B42BBBF66B00BE85DF /* EvaluateReversePolishNotation.cpp */ = {isa = PBXFileReference; lastKnownFileType = sourcecode.cpp.cpp; name = EvaluateReversePolishNotation.cpp; path = PGWeek2/EvaluateReversePolishNotation.cpp; sourceTree = "<group>"; };
		4FC332B52BBBF66B00BE85DF /* EvaluateReversePolishNotation.hpp */ = {isa = PBXFileReference; lastKnownFileType = sourcecode.cpp.h; name = EvaluateReversePolishNotation.hpp; path = PGWeek2/EvaluateReversePolishNotation.hpp; sourceTree = "<group>"; };
		4FC98BC82BB6BD8C00EB0989 /* ContainsDuplicate.cpp */ = {isa = PBXFileReference; lastKnownFileType = sourcecode.cpp.cpp; name = ContainsDuplicate.cpp; path = PGWeek1/ContainsDuplicate.cpp; sourceTree = "<group>"; };
		4FC98BC92BB6BD8C00EB0989 /* ContainsDuplicate.hpp */ = {isa = PBXFileReference; lastKnownFileType = sourcecode.cpp.h; name = ContainsDuplicate.hpp; path = PGWeek1/ContainsDuplicate.hpp; sourceTree = "<group>"; };
		4FC98BCB2BB6BEA600EB0989 /* ValidSudoku.cpp */ = {isa = PBXFileReference; lastKnownFileType = sourcecode.cpp.cpp; name = ValidSudoku.cpp; path = PGWeek1/ValidSudoku.cpp; sourceTree = "<group>"; };
		4FC98BCC2BB6BEA600EB0989 /* ValidSudoku.hpp */ = {isa = PBXFileReference; lastKnownFileType = sourcecode.cpp.h; name = ValidSudoku.hpp; path = PGWeek1/ValidSudoku.hpp; sourceTree = "<group>"; };
		4FC98BCE2BB6C66200EB0989 /* LongestConsecutiveSequence.cpp */ = {isa = PBXFileReference; lastKnownFileType = sourcecode.cpp.cpp; name = LongestConsecutiveSequence.cpp; path = PGWeek1/LongestConsecutiveSequence.cpp; sourceTree = "<group>"; };
		4FC98BCF2BB6C66200EB0989 /* LongestConsecutiveSequence.hpp */ = {isa = PBXFileReference; lastKnownFileType = sourcecode.cpp.h; name = LongestConsecutiveSequence.hpp; path = PGWeek1/LongestConsecutiveSequence.hpp; sourceTree = "<group>"; };
		4FC98BD12BB7A33B00EB0989 /* ValidPalindrome.cpp */ = {isa = PBXFileReference; lastKnownFileType = sourcecode.cpp.cpp; name = ValidPalindrome.cpp; path = PGWeek1/ValidPalindrome.cpp; sourceTree = "<group>"; };
		4FC98BD22BB7A33B00EB0989 /* ValidPalindrome.hpp */ = {isa = PBXFileReference; lastKnownFileType = sourcecode.cpp.h; name = ValidPalindrome.hpp; path = PGWeek1/ValidPalindrome.hpp; sourceTree = "<group>"; };
		4FC98BD42BB7B81B00EB0989 /* TwoSumII.cpp */ = {isa = PBXFileReference; lastKnownFileType = sourcecode.cpp.cpp; name = TwoSumII.cpp; path = PGWeek1/TwoSumII.cpp; sourceTree = "<group>"; };
		4FC98BD52BB7B81B00EB0989 /* TwoSumII.hpp */ = {isa = PBXFileReference; lastKnownFileType = sourcecode.cpp.h; name = TwoSumII.hpp; path = PGWeek1/TwoSumII.hpp; sourceTree = "<group>"; };
		4FC98BD72BB7B89000EB0989 /* TrappingRainWater.cpp */ = {isa = PBXFileReference; lastKnownFileType = sourcecode.cpp.cpp; name = TrappingRainWater.cpp; path = PGWeek1/TrappingRainWater.cpp; sourceTree = "<group>"; };
		4FC98BD82BB7B89000EB0989 /* TrappingRainWater.hpp */ = {isa = PBXFileReference; lastKnownFileType = sourcecode.cpp.h; name = TrappingRainWater.hpp; path = PGWeek1/TrappingRainWater.hpp; sourceTree = "<group>"; };
		4FC98BDA2BB8F78300EB0989 /* BestTimeToBuyAndSellStock.cpp */ = {isa = PBXFileReference; lastKnownFileType = sourcecode.cpp.cpp; name = BestTimeToBuyAndSellStock.cpp; path = PGWeek1/BestTimeToBuyAndSellStock.cpp; sourceTree = "<group>"; };
		4FC98BDB2BB8F78300EB0989 /* BestTimeToBuyAndSellStock.hpp */ = {isa = PBXFileReference; lastKnownFileType = sourcecode.cpp.h; name = BestTimeToBuyAndSellStock.hpp; path = PGWeek1/BestTimeToBuyAndSellStock.hpp; sourceTree = "<group>"; };
		4FC98BE02BB8FAC500EB0989 /* LongestSubstringWithoutRepeatingChar.cpp */ = {isa = PBXFileReference; lastKnownFileType = sourcecode.cpp.cpp; name = LongestSubstringWithoutRepeatingChar.cpp; path = PGWeek1/LongestSubstringWithoutRepeatingChar.cpp; sourceTree = "<group>"; };
		4FC98BE12BB8FAC500EB0989 /* LongestSubstringWithoutRepeatingChar.hpp */ = {isa = PBXFileReference; lastKnownFileType = sourcecode.cpp.h; name = LongestSubstringWithoutRepeatingChar.hpp; path = PGWeek1/LongestSubstringWithoutRepeatingChar.hpp; sourceTree = "<group>"; };
		4FC98BE62BB986E200EB0989 /* LongestCharacterReplacement.cpp */ = {isa = PBXFileReference; lastKnownFileType = sourcecode.cpp.cpp; name = LongestCharacterReplacement.cpp; path = PGWeek1/LongestCharacterReplacement.cpp; sourceTree = "<group>"; };
		4FC98BE72BB986E200EB0989 /* LongestCharacterReplacement.hpp */ = {isa = PBXFileReference; lastKnownFileType = sourcecode.cpp.h; name = LongestCharacterReplacement.hpp; path = PGWeek1/LongestCharacterReplacement.hpp; sourceTree = "<group>"; };
		4FC98BE92BBA547000EB0989 /* PermutationInString.cpp */ = {isa = PBXFileReference; lastKnownFileType = sourcecode.cpp.cpp; name = PermutationInString.cpp; path = PGWeek2/PermutationInString.cpp; sourceTree = "<group>"; };
		4FC98BEA2BBA547000EB0989 /* PermutationInString.hpp */ = {isa = PBXFileReference; lastKnownFileType = sourcecode.cpp.h; name = PermutationInString.hpp; path = PGWeek2/PermutationInString.hpp; sourceTree = "<group>"; };
		4FE4F8D62B77A9C50071AE13 /* ProductOfArrayExceptSelf.cpp */ = {isa = PBXFileReference; lastKnownFileType = sourcecode.cpp.cpp; name = ProductOfArrayExceptSelf.cpp; path = Week3/ProductOfArrayExceptSelf.cpp; sourceTree = "<group>"; };
		4FE4F8D72B77A9C50071AE13 /* ProductOfArrayExceptSelf.hpp */ = {isa = PBXFileReference; lastKnownFileType = sourcecode.cpp.h; name = ProductOfArrayExceptSelf.hpp; path = Week3/ProductOfArrayExceptSelf.hpp; sourceTree = "<group>"; };
		5671FF92078F4470A75D0ABD /* FindTheDuplicateNumber.hpp */ = {isa = PBXFileReference; explicitFileType = sourcecode.cpp.h; fileEncoding = 4; name = FindTheDuplicateNumber.hpp; path = Week3/FindTheDuplicateNumber.hpp; sourceTree = SOURCE_ROOT; };
		60DFD07BE6A742C29581D553 /* FindTheDuplicateNumber.cpp */ = {isa = PBXFileReference; explicitFileType = sourcecode.cpp.cpp; fileEncoding = 4; name = FindTheDuplicateNumber.cpp; path = Week3/FindTheDuplicateNumber.cpp; sourceTree = SOURCE_ROOT; };
		78FD1A63887E4899B67FAA4E /* IOPractice.h */ = {isa = PBXFileReference; explicitFileType = sourcecode.c.h; fileEncoding = 4; name = IOPractice.h; path = Week1/IOPractice.h; sourceTree = SOURCE_ROOT; };
		927D5367EF7349DE91DA7D5B /* TwoSum.h */ = {isa = PBXFileReference; explicitFileType = sourcecode.c.h; fileEncoding = 4; name = TwoSum.h; path = Week1/TwoSum.h; sourceTree = SOURCE_ROOT; };
		95E02436BB0E43429F001EAB /* SubarraySumEqualsK.hpp */ = {isa = PBXFileReference; explicitFileType = sourcecode.cpp.h; fileEncoding = 4; name = SubarraySumEqualsK.hpp; path = Week3/SubarraySumEqualsK.hpp; sourceTree = SOURCE_ROOT; };
		98E8171E8BD04B56A4568012 /* TwoSum.cpp */ = {isa = PBXFileReference; explicitFileType = sourcecode.cpp.cpp; fileEncoding = 4; name = TwoSum.cpp; path = Week1/TwoSum.cpp; sourceTree = SOURCE_ROOT; };
		994DE35CCE744A54B39D982E /* ContinuousSubarraySum.hpp */ = {isa = PBXFileReference; explicitFileType = sourcecode.cpp.h; fileEncoding = 4; name = ContinuousSubarraySum.hpp; path = Week3/ContinuousSubarraySum.hpp; sourceTree = SOURCE_ROOT; };
		9A4E9AFE87FE4C38B3717F68 /* ValidParenthesis.cpp */ = {isa = PBXFileReference; explicitFileType = sourcecode.cpp.cpp; fileEncoding = 4; name = ValidParenthesis.cpp; path = Week1/ValidParenthesis.cpp; sourceTree = SOURCE_ROOT; };
		A1338F1EFD314B74A7DA8836 /* ValidParenthesis.h */ = {isa = PBXFileReference; explicitFileType = sourcecode.c.h; fileEncoding = 4; name = ValidParenthesis.h; path = Week1/ValidParenthesis.h; sourceTree = SOURCE_ROOT; };
		B2BC018446FA4CF4BE0B0EDD /* SubarraySumEqualsK.cpp */ = {isa = PBXFileReference; explicitFileType = sourcecode.cpp.cpp; fileEncoding = 4; name = SubarraySumEqualsK.cpp; path = Week3/SubarraySumEqualsK.cpp; sourceTree = SOURCE_ROOT; };
		B37AF73E0C2E43148BF8DF2B /* ds_algo */ = {isa = PBXFileReference; explicitFileType = "compiled.mach-o.executable"; path = ds_algo; sourceTree = BUILT_PRODUCTS_DIR; };
		C5378812275A4CFFB0215D23 /* CMakeLists.txt */ = {isa = PBXFileReference; explicitFileType = sourcecode.text; fileEncoding = 4; lastKnownFileType = text; path = CMakeLists.txt; sourceTree = SOURCE_ROOT; };
		C7D0916EBC3749278C9ED33B /* ValidAnagram.cpp */ = {isa = PBXFileReference; explicitFileType = sourcecode.cpp.cpp; fileEncoding = 4; name = ValidAnagram.cpp; path = Week1/ValidAnagram.cpp; sourceTree = SOURCE_ROOT; };
		F9D1D0D1693E447A8BBB0813 /* IOPractice.cpp */ = {isa = PBXFileReference; explicitFileType = sourcecode.cpp.cpp; fileEncoding = 4; name = IOPractice.cpp; path = Week1/IOPractice.cpp; sourceTree = SOURCE_ROOT; };
/* End PBXFileReference section */

/* Begin PBXFrameworksBuildPhase section */
		9DD31574789B4421B2032CC4 /* Frameworks */ = {
			isa = PBXFrameworksBuildPhase;
			buildActionMask = 2147483647;
			files = (
			);
			runOnlyForDeploymentPostprocessing = 0;
		};
/* End PBXFrameworksBuildPhase section */

/* Begin PBXGroup section */
		3BA581ECFD4F492E8671B308 /* Products */ = {
			isa = PBXGroup;
			children = (
				B37AF73E0C2E43148BF8DF2B /* ds_algo */,
			);
			name = Products;
			sourceTree = "<group>";
		};
		3C30AB8BE23E4E69B5EEECD0 /* ALL_BUILD */ = {
			isa = PBXGroup;
			children = (
				B96483508C4E400CB023512A /* CMake Rules */,
				3B25BED4C1CC46438B7DEC2C /* CMakeLists.txt */,
			);
			name = ALL_BUILD;
			sourceTree = "<group>";
		};
		44165824B784449E9B738C83 /* ds_algo */ = {
			isa = PBXGroup;
			children = (
				92B795311AD24D52BE3C9346 /* Source Files */,
				F1EC5F4A91F043C29AC639FE /* Header Files */,
				C5378812275A4CFFB0215D23 /* CMakeLists.txt */,
			);
			name = ds_algo;
			sourceTree = "<group>";
		};
		7AEAD2D0D9AA4860BDB770F1 = {
			isa = PBXGroup;
			children = (
				44165824B784449E9B738C83 /* ds_algo */,
				3C30AB8BE23E4E69B5EEECD0 /* ALL_BUILD */,
				3BA581ECFD4F492E8671B308 /* Products */,
				D7B86E3DD75A48D9863C223A /* Frameworks */,
			);
			sourceTree = "<group>";
		};
		92B795311AD24D52BE3C9346 /* Source Files */ = {
			isa = PBXGroup;
			children = (
				F9D1D0D1693E447A8BBB0813 /* IOPractice.cpp */,
				98E8171E8BD04B56A4568012 /* TwoSum.cpp */,
				C7D0916EBC3749278C9ED33B /* ValidAnagram.cpp */,
				9A4E9AFE87FE4C38B3717F68 /* ValidParenthesis.cpp */,
				40F6998EA10346A2BABEF5AB /* TopKFrequent.cpp */,
				4B1AC0698941417AA38AD867 /* ContinuousSubarraySum.cpp */,
				60DFD07BE6A742C29581D553 /* FindTheDuplicateNumber.cpp */,
				1B378BD2F6A14EC4A9D22741 /* MergeIntervals.cpp */,
				B2BC018446FA4CF4BE0B0EDD /* SubarraySumEqualsK.cpp */,
				4FE4F8D62B77A9C50071AE13 /* ProductOfArrayExceptSelf.cpp */,
				4FA184312B7D9DA0003A1724 /* ThreeSum.cpp */,
				4FA184342B7E0AF7003A1724 /* GroupAnagrams.cpp */,
				4FA184372B7F3813003A1724 /* MaximumProductSubarray.cpp */,
				4FA1843A2B7F4999003A1724 /* SearchInRotatedSortedArray.cpp */,
				4FA1843D2B8C7B1B003A1724 /* ReverseLinkedList.cpp */,
				4FA184402B8C8FC8003A1724 /* LinkedListCycle.cpp */,
				4FA184432B8D7505003A1724 /* ContainWithMostWater.cpp */,
				4FA184462B8D849B003A1724 /* FindMinimumInRotatedSortedArray.cpp */,
				4FC98BC82BB6BD8C00EB0989 /* ContainsDuplicate.cpp */,
				4FC98BCB2BB6BEA600EB0989 /* ValidSudoku.cpp */,
				30C1D520E93E49C0AD183B69 /* main.cpp */,
				4FC98BCE2BB6C66200EB0989 /* LongestConsecutiveSequence.cpp */,
				4FC98BD12BB7A33B00EB0989 /* ValidPalindrome.cpp */,
				4FC98BD42BB7B81B00EB0989 /* TwoSumII.cpp */,
				4FC98BD72BB7B89000EB0989 /* TrappingRainWater.cpp */,
				4FC98BDA2BB8F78300EB0989 /* BestTimeToBuyAndSellStock.cpp */,
				4FC98BE02BB8FAC500EB0989 /* LongestSubstringWithoutRepeatingChar.cpp */,
				4FC98BE62BB986E200EB0989 /* LongestCharacterReplacement.cpp */,
				4FC98BE92BBA547000EB0989 /* PermutationInString.cpp */,
				4FC332AB2BBA778600BE85DF /* MiniumWindowSubstring.cpp */,
				4FC332AE2BBA7DB700BE85DF /* SlidingWindowMaximum.cpp */,
				4FC332B42BBBF66B00BE85DF /* EvaluateReversePolishNotation.cpp */,
				4F8B3BDD2BBC084E00D4047D /* GenerateParanthesis.cpp */,
				4F8B3BE02BBE595E00D4047D /* DailyTemperature.cpp */,
				4F8B3BE32BBE630600D4047D /* CarFleet.cpp */,
				4F8B3BE62BBEA3E600D4047D /* LargestRectangleInHistogram.cpp */,
				4F8B3BE92BBFBFCB00D4047D /* BinarySearch.cpp */,
				4F8B3BEC2BBFCA6000D4047D /* SearchA2DMatrix.cpp */,
				4F8B3BEF2BBFCD1900D4047D /* KokoEatingBananas.cpp */,
				4F8B3BF22BC1A62B00D4047D /* TimeBasedKeyValueStore.cpp */,
				4F8B3BF52BC2B6F300D4047D /* MediumOfTwoSortedArray.cpp */,
				4F8B3BF82BC2F22F00D4047D /* MergeTwoSortedList.cpp */,
				4F8B3BFB2BC2F7D400D4047D /* ReorderList.cpp */,
				4F8B3BFE2BC3C54000D4047D /* RemoveNthNodeFromEndOfList.cpp */,
				4F8B3C012BC3F1D400D4047D /* CopyListWithRandomPointer.cpp */,
				4F8B3C042BC4E94C00D4047D /* AddTwoNumbers.cpp */,
				4F8B3C072BC51E8500D4047D /* LRUCache.cpp */,
				4F8B3C0A2BC532F900D4047D /* MergeKList.cpp */,
				4F8B3C0D2BC67DDC00D4047D /* ReverseNodesInKGroup.cpp */,
				4F8B3C102BC682C000D4047D /* InvertBinaryTree.cpp */,
				4F8B3C132BC683FC00D4047D /* MaximumDepthOfBinaryTree.cpp */,
				4F8B3C162BC684C200D4047D /* DiameterOfBinaryTree.cpp */,
				4F8B3C192BC68B4000D4047D /* BalancedBinaryTree.cpp */,
				4F8B3C1C2BC7869700D4047D /* SameTree.cpp */,
				4F8B3C1F2BC7887B00D4047D /* SubtreeOfAnotherTree.cpp */,
				4F8B3C222BC7B01300D4047D /* LowestCommonAncester.cpp */,
				4F8B3C252BC8F07600D4047D /* BinaryTreeLevelOrderTraversal.cpp */,
				4F8B3C282BC8F7EB00D4047D /* BinaryTreeRightSideView.cpp */,
				4F8B3C2B2BC8FD3900D4047D /* CountGoodNodesInBinaryTree.cpp */,
				4F8B3C2E2BCC1ABF00D4047D /* ValidateBinarySearchTree.cpp */,
				4F8B3C312BCC273600D4047D /* KthSmallestInBST.cpp */,
				4F8B3C342BCCFAB300D4047D /* ConstructTree.cpp */,
				4F8B3C372BCD0DE200D4047D /* BinaryTreeMaximumPathSum.cpp */,
				4F8B3C3A2BCD161500D4047D /* SerializeAndDeserializeBinaryTree.cpp */,
				4F1028B92BD206AE008DB16B /* KthLargest.cpp */,
				4F44A8932BD7B8A80093BB44 /* LastStoneWeight.cpp */,
				4F44A8962BD7E2D80093BB44 /* KClosestPointToOrigin.cpp */,
				4F44A8992BD7E75E0093BB44 /* KthLargestElementInAnArray.cpp */,
				4F44A89C2BD8CB900093BB44 /* TaskScheduler.cpp */,
				4F44A89F2BD8E28E0093BB44 /* DesignTwitter.cpp */,
				4F44A8A22BDB72910093BB44 /* FindMedianFromDataStream.cpp */,
				4F44A8A52BDB8DE80093BB44 /* Subsets.cpp */,
				4F44A8AB2BDBB2050093BB44 /* CombinationSum.cpp */,
				4F44A8AE2BDBB91A0093BB44 /* Permutations.cpp */,
				4F44A8B12BDBFED40093BB44 /* SubsetsII.cpp */,
				4F44A8B42BDC0B660093BB44 /* CombinationSumII.cpp */,
				4F44A8B72BDC93750093BB44 /* WordSearch.cpp */,
				4F44A8BA2BDC9DDF0093BB44 /* PalindromePartitioning.cpp */,
				4F44A8BD2BDCA4AB0093BB44 /* LetterCombinationsOfAPhoneNumber.cpp */,
				4F44A8C32BDCA8170093BB44 /* NQueens.cpp */,
				4F44A8C62BDCB6FF0093BB44 /* ImplementTrie.cpp */,
				4F44A8C92BDD486A0093BB44 /* DesignAddAndSearchWords.cpp */,
				4F44A8CC2BDD552E0093BB44 /* WordSearchII.cpp */,
				4F44A8CF2BDF7AFB0093BB44 /* NumberOfIslands.cpp */,
				4F44A8D22BDF80620093BB44 /* MaxAreaOfIsland.cpp */,
				4F44A8D52BDF83800093BB44 /* CloneGraph.cpp */,
				4F44A8D82BDF86C80093BB44 /* RottingOranges.cpp */,
				4F44A8DB2BDF8F920093BB44 /* PacificAtlanticWaterFlow.cpp */,
			);
			name = "Source Files";
			sourceTree = "<group>";
		};
		B96483508C4E400CB023512A /* CMake Rules */ = {
			isa = PBXGroup;
			children = (
			);
			name = "CMake Rules";
			sourceTree = "<group>";
		};
		D7B86E3DD75A48D9863C223A /* Frameworks */ = {
			isa = PBXGroup;
			children = (
			);
			name = Frameworks;
			sourceTree = "<group>";
		};
		F1EC5F4A91F043C29AC639FE /* Header Files */ = {
			isa = PBXGroup;
			children = (
				4F44A8DC2BDF8F920093BB44 /* PacificAtlanticWaterFlow.hpp */,
				4F44A8D92BDF86C80093BB44 /* RottingOranges.hpp */,
				4F44A8D62BDF83800093BB44 /* CloneGraph.hpp */,
				4F44A8D32BDF80620093BB44 /* MaxAreaOfIsland.hpp */,
				4F44A8D02BDF7AFB0093BB44 /* NumberOfIslands.hpp */,
				4F44A8CD2BDD552E0093BB44 /* WordSearchII.hpp */,
				4F44A8CA2BDD486A0093BB44 /* DesignAddAndSearchWords.hpp */,
				4F44A8C72BDCB6FF0093BB44 /* ImplementTrie.hpp */,
				4F44A8C42BDCA8170093BB44 /* NQueens.hpp */,
				4F44A8BE2BDCA4AB0093BB44 /* LetterCombinationsOfAPhoneNumber.hpp */,
				4F44A8BB2BDC9DDF0093BB44 /* PalindromePartitioning.hpp */,
				4F44A8B82BDC93750093BB44 /* WordSearch.hpp */,
				4F44A8B52BDC0B660093BB44 /* CombinationSumII.hpp */,
				4F44A8B22BDBFED40093BB44 /* SubsetsII.hpp */,
				4F44A8AF2BDBB91A0093BB44 /* Permutations.hpp */,
				4F44A8AC2BDBB2050093BB44 /* CombinationSum.hpp */,
				4F44A8A62BDB8DE80093BB44 /* Subsets.hpp */,
				4F44A8A32BDB72910093BB44 /* FindMedianFromDataStream.hpp */,
				4F44A8A02BD8E28E0093BB44 /* DesignTwitter.hpp */,
				4F44A89D2BD8CB900093BB44 /* TaskScheduler.hpp */,
				4F44A89A2BD7E75E0093BB44 /* KthLargestElementInAnArray.hpp */,
				4F44A8972BD7E2D80093BB44 /* KClosestPointToOrigin.hpp */,
				4F44A8942BD7B8A80093BB44 /* LastStoneWeight.hpp */,
				4F1028BA2BD206AE008DB16B /* KthLargest.hpp */,
				4F8B3C3B2BCD161500D4047D /* SerializeAndDeserializeBinaryTree.hpp */,
				4F8B3C382BCD0DE200D4047D /* BinaryTreeMaximumPathSum.hpp */,
				4F8B3C352BCCFAB300D4047D /* ConstructTree.hpp */,
				4F8B3C322BCC273600D4047D /* KthSmallestInBST.hpp */,
				4F8B3C2F2BCC1ABF00D4047D /* ValidateBinarySearchTree.hpp */,
				4F8B3C2C2BC8FD3900D4047D /* CountGoodNodesInBinaryTree.hpp */,
				4F8B3C292BC8F7EB00D4047D /* BinaryTreeRightSideView.hpp */,
				4F8B3C262BC8F07600D4047D /* BinaryTreeLevelOrderTraversal.hpp */,
				4F8B3C232BC7B01300D4047D /* LowestCommonAncester.hpp */,
				4F8B3C202BC7887B00D4047D /* SubtreeOfAnotherTree.hpp */,
				4F8B3C1D2BC7869700D4047D /* SameTree.hpp */,
				4F8B3C1A2BC68B4000D4047D /* BalancedBinaryTree.hpp */,
				4F8B3C172BC684C200D4047D /* DiameterOfBinaryTree.hpp */,
				4F8B3C142BC683FC00D4047D /* MaximumDepthOfBinaryTree.hpp */,
				4F8B3C112BC682C000D4047D /* InvertBinaryTree.hpp */,
				4F8B3C0E2BC67DDC00D4047D /* ReverseNodesInKGroup.hpp */,
				4F8B3C0B2BC532F900D4047D /* MergeKList.hpp */,
				4F8B3C082BC51E8500D4047D /* LRUCache.hpp */,
				4F8B3C052BC4E94C00D4047D /* AddTwoNumbers.hpp */,
				4F8B3C022BC3F1D400D4047D /* CopyListWithRandomPointer.hpp */,
				4F8B3BFF2BC3C54000D4047D /* RemoveNthNodeFromEndOfList.hpp */,
				4F8B3BFC2BC2F7D400D4047D /* ReorderList.hpp */,
				4F8B3BF92BC2F22F00D4047D /* MergeTwoSortedList.hpp */,
				4F8B3BF62BC2B6F300D4047D /* MediumOfTwoSortedArray.hpp */,
				4F8B3BF32BC1A62B00D4047D /* TimeBasedKeyValueStore.hpp */,
				4F8B3BF02BBFCD1900D4047D /* KokoEatingBananas.hpp */,
				4F8B3BED2BBFCA6000D4047D /* SearchA2DMatrix.hpp */,
				4F8B3BEA2BBFBFCB00D4047D /* BinarySearch.hpp */,
				78FD1A63887E4899B67FAA4E /* IOPractice.h */,
				927D5367EF7349DE91DA7D5B /* TwoSum.h */,
				4FC98BC92BB6BD8C00EB0989 /* ContainsDuplicate.hpp */,
				1236C54DC1694B0FAB4863AC /* ValidAnagram.h */,
				A1338F1EFD314B74A7DA8836 /* ValidParenthesis.h */,
				11BBC7FE40CB4FF7B89FD6E0 /* TopKFrequent.h */,
				994DE35CCE744A54B39D982E /* ContinuousSubarraySum.hpp */,
				5671FF92078F4470A75D0ABD /* FindTheDuplicateNumber.hpp */,
				2661DBE466704D91A6A56696 /* MergeIntervals.hpp */,
				95E02436BB0E43429F001EAB /* SubarraySumEqualsK.hpp */,
				4FE4F8D72B77A9C50071AE13 /* ProductOfArrayExceptSelf.hpp */,
				4FA184322B7D9DA0003A1724 /* ThreeSum.hpp */,
				4FA184352B7E0AF7003A1724 /* GroupAnagrams.hpp */,
				4FA184382B7F3813003A1724 /* MaximumProductSubarray.hpp */,
				4FA1843B2B7F4999003A1724 /* SearchInRotatedSortedArray.hpp */,
				4FA1843E2B8C7B1B003A1724 /* ReverseLinkedList.hpp */,
				4FA184412B8C8FC8003A1724 /* LinkedListCycle.hpp */,
				4FA184442B8D7505003A1724 /* ContainWithMostWater.hpp */,
				4FA184472B8D849B003A1724 /* FindMinimumInRotatedSortedArray.hpp */,
				4FC98BCC2BB6BEA600EB0989 /* ValidSudoku.hpp */,
				4FC98BCF2BB6C66200EB0989 /* LongestConsecutiveSequence.hpp */,
				4FC98BD22BB7A33B00EB0989 /* ValidPalindrome.hpp */,
				4FC98BD52BB7B81B00EB0989 /* TwoSumII.hpp */,
				4FC98BD82BB7B89000EB0989 /* TrappingRainWater.hpp */,
				4FC98BDB2BB8F78300EB0989 /* BestTimeToBuyAndSellStock.hpp */,
				4FC98BE12BB8FAC500EB0989 /* LongestSubstringWithoutRepeatingChar.hpp */,
				4FC98BE72BB986E200EB0989 /* LongestCharacterReplacement.hpp */,
				4FC98BEA2BBA547000EB0989 /* PermutationInString.hpp */,
				4FC332AC2BBA778600BE85DF /* MiniumWindowSubstring.hpp */,
				4FC332AF2BBA7DB700BE85DF /* SlidingWindowMaximum.hpp */,
				4FC332B22BBBEF2200BE85DF /* MinStack.hpp */,
				4FC332B52BBBF66B00BE85DF /* EvaluateReversePolishNotation.hpp */,
				4F8B3BDE2BBC084E00D4047D /* GenerateParanthesis.hpp */,
				4F8B3BE72BBEA3E600D4047D /* LargestRectangleInHistogram.hpp */,
				4F8B3BE42BBE630600D4047D /* CarFleet.hpp */,
				4F8B3BE12BBE595E00D4047D /* DailyTemperature.hpp */,
			);
			name = "Header Files";
			sourceTree = "<group>";
		};
/* End PBXGroup section */

/* Begin PBXNativeTarget section */
		625674681C444009B31FD01E /* ds_algo */ = {
			isa = PBXNativeTarget;
			buildConfigurationList = 68E2C9B2FB534C1BAF252B5B /* Build configuration list for PBXNativeTarget "ds_algo" */;
			buildPhases = (
				B055298B0D1E47D688FBA0A5 /* Sources */,
				9DD31574789B4421B2032CC4 /* Frameworks */,
			);
			buildRules = (
			);
			dependencies = (
				D33B7583C5E14598B309A873 /* PBXTargetDependency */,
			);
			name = ds_algo;
			productName = ds_algo;
			productReference = B37AF73E0C2E43148BF8DF2B /* ds_algo */;
			productType = "com.apple.product-type.tool";
		};
/* End PBXNativeTarget section */

/* Begin PBXProject section */
		2D002D29F1E4405B94D40547 /* Project object */ = {
			isa = PBXProject;
			attributes = {
				LastUpgradeCheck = 1310;
			};
			buildConfigurationList = DACC35DFA6A746E29D79C8B7 /* Build configuration list for PBXProject "ds_algo" */;
			compatibilityVersion = "Xcode 3.2";
			developmentRegion = en;
			hasScannedForEncodings = 0;
			knownRegions = (
				en,
				Base,
			);
			mainGroup = 7AEAD2D0D9AA4860BDB770F1;
			projectDirPath = "";
			projectRoot = "";
			targets = (
				DC28C95E58784BBF8B0A25DE /* ALL_BUILD */,
				1D3AB4AEA8134E3BBCBCED07 /* ZERO_CHECK */,
				625674681C444009B31FD01E /* ds_algo */,
			);
		};
/* End PBXProject section */

/* Begin PBXShellScriptBuildPhase section */
		0EB7D2D119CA098EB969FCFC /* Generate CMakeFiles/ALL_BUILD */ = {
			isa = PBXShellScriptBuildPhase;
			alwaysOutOfDate = 1;
			buildActionMask = 2147483647;
			files = (
			);
			inputPaths = (
			);
			name = "Generate CMakeFiles/ALL_BUILD";
			outputPaths = (
				/Users/eddychu/Desktop/ds_algo/CMakeFiles/ALL_BUILD,
			);
			runOnlyForDeploymentPostprocessing = 0;
			shellPath = /bin/sh;
			shellScript = "set -e\nif test \"$CONFIGURATION\" = \"Debug\"; then :\n  cd /Users/eddychu/Desktop/ds_algo\n  echo Build\\ all\\ projects\nfi\nif test \"$CONFIGURATION\" = \"Release\"; then :\n  cd /Users/eddychu/Desktop/ds_algo\n  echo Build\\ all\\ projects\nfi\nif test \"$CONFIGURATION\" = \"MinSizeRel\"; then :\n  cd /Users/eddychu/Desktop/ds_algo\n  echo Build\\ all\\ projects\nfi\nif test \"$CONFIGURATION\" = \"RelWithDebInfo\"; then :\n  cd /Users/eddychu/Desktop/ds_algo\n  echo Build\\ all\\ projects\nfi\n";
			showEnvVarsInLog = 0;
		};
		19591233DC977EB6BC98932A /* Generate CMakeFiles/ZERO_CHECK */ = {
			isa = PBXShellScriptBuildPhase;
			alwaysOutOfDate = 1;
			buildActionMask = 2147483647;
			files = (
			);
			inputPaths = (
			);
			name = "Generate CMakeFiles/ZERO_CHECK";
			outputPaths = (
				/Users/eddychu/Desktop/ds_algo/CMakeFiles/ZERO_CHECK,
			);
			runOnlyForDeploymentPostprocessing = 0;
			shellPath = /bin/sh;
			shellScript = "set -e\nif test \"$CONFIGURATION\" = \"Debug\"; then :\n  cd /Users/eddychu/Desktop/ds_algo\n  make -f /Users/eddychu/Desktop/ds_algo/CMakeScripts/ReRunCMake.make\nfi\nif test \"$CONFIGURATION\" = \"Release\"; then :\n  cd /Users/eddychu/Desktop/ds_algo\n  make -f /Users/eddychu/Desktop/ds_algo/CMakeScripts/ReRunCMake.make\nfi\nif test \"$CONFIGURATION\" = \"MinSizeRel\"; then :\n  cd /Users/eddychu/Desktop/ds_algo\n  make -f /Users/eddychu/Desktop/ds_algo/CMakeScripts/ReRunCMake.make\nfi\nif test \"$CONFIGURATION\" = \"RelWithDebInfo\"; then :\n  cd /Users/eddychu/Desktop/ds_algo\n  make -f /Users/eddychu/Desktop/ds_algo/CMakeScripts/ReRunCMake.make\nfi\n";
			showEnvVarsInLog = 0;
		};
/* End PBXShellScriptBuildPhase section */

/* Begin PBXSourcesBuildPhase section */
		B055298B0D1E47D688FBA0A5 /* Sources */ = {
			isa = PBXSourcesBuildPhase;
			buildActionMask = 2147483647;
			files = (
				4F44A8B02BDBB91A0093BB44 /* Permutations.cpp in Sources */,
				4FC332B62BBBF66B00BE85DF /* EvaluateReversePolishNotation.cpp in Sources */,
				4FC332B02BBA7DB700BE85DF /* SlidingWindowMaximum.cpp in Sources */,
				4F44A8DA2BDF86C80093BB44 /* RottingOranges.cpp in Sources */,
				196B06F5D80946218F184750 /* IOPractice.cpp in Sources */,
				4F44A8D12BDF7AFB0093BB44 /* NumberOfIslands.cpp in Sources */,
				4F8B3BEB2BBFBFCB00D4047D /* BinarySearch.cpp in Sources */,
				4FC98BE82BB986E200EB0989 /* LongestCharacterReplacement.cpp in Sources */,
				4F44A8A72BDB8DE80093BB44 /* Subsets.cpp in Sources */,
				47CD1BCD482547BF9139E268 /* TwoSum.cpp in Sources */,
				4F8B3C182BC684C200D4047D /* DiameterOfBinaryTree.cpp in Sources */,
				4F8B3C0C2BC532F900D4047D /* MergeKList.cpp in Sources */,
				4F8B3BE52BBE630600D4047D /* CarFleet.cpp in Sources */,
				332AD4EC90CA4917A115E8D8 /* ValidAnagram.cpp in Sources */,
				4FA184452B8D7505003A1724 /* ContainWithMostWater.cpp in Sources */,
				4FA1843C2B7F4999003A1724 /* SearchInRotatedSortedArray.cpp in Sources */,
				4FA184392B7F3813003A1724 /* MaximumProductSubarray.cpp in Sources */,
				4FC98BE22BB8FAC500EB0989 /* LongestSubstringWithoutRepeatingChar.cpp in Sources */,
				4F8B3BFD2BC2F7D400D4047D /* ReorderList.cpp in Sources */,
				4F8B3C122BC682C000D4047D /* InvertBinaryTree.cpp in Sources */,
				4F8B3C002BC3C54000D4047D /* RemoveNthNodeFromEndOfList.cpp in Sources */,
				4F44A8982BD7E2D80093BB44 /* KClosestPointToOrigin.cpp in Sources */,
				4F8B3BF12BBFCD1900D4047D /* KokoEatingBananas.cpp in Sources */,
				4F44A89B2BD7E75E0093BB44 /* KthLargestElementInAnArray.cpp in Sources */,
				4FC98BD92BB7B89000EB0989 /* TrappingRainWater.cpp in Sources */,
				4FC98BD62BB7B81B00EB0989 /* TwoSumII.cpp in Sources */,
				4FA184422B8C8FC8003A1724 /* LinkedListCycle.cpp in Sources */,
				4F8B3BDF2BBC084E00D4047D /* GenerateParanthesis.cpp in Sources */,
				4F8B3C272BC8F07600D4047D /* BinaryTreeLevelOrderTraversal.cpp in Sources */,
				4F44A8C52BDCA8170093BB44 /* NQueens.cpp in Sources */,
				4F8B3C3C2BCD161500D4047D /* SerializeAndDeserializeBinaryTree.cpp in Sources */,
				4F44A8DD2BDF8F920093BB44 /* PacificAtlanticWaterFlow.cpp in Sources */,
				4F8B3C2A2BC8F7EB00D4047D /* BinaryTreeRightSideView.cpp in Sources */,
				4FA1843F2B8C7B1B003A1724 /* ReverseLinkedList.cpp in Sources */,
				4F8B3C1B2BC68B4000D4047D /* BalancedBinaryTree.cpp in Sources */,
				4F8B3C212BC7887B00D4047D /* SubtreeOfAnotherTree.cpp in Sources */,
				4F8B3C362BCCFAB300D4047D /* ConstructTree.cpp in Sources */,
				4FE4F8D82B77A9C50071AE13 /* ProductOfArrayExceptSelf.cpp in Sources */,
				4F44A8B92BDC93750093BB44 /* WordSearch.cpp in Sources */,
				4F8B3C0F2BC67DDC00D4047D /* ReverseNodesInKGroup.cpp in Sources */,
				0A2B61F30C2C4005A30017E9 /* ValidParenthesis.cpp in Sources */,
				4F8B3C332BCC273600D4047D /* KthSmallestInBST.cpp in Sources */,
				4F8B3BF42BC1A62B00D4047D /* TimeBasedKeyValueStore.cpp in Sources */,
				4F8B3C062BC4E94C00D4047D /* AddTwoNumbers.cpp in Sources */,
				4F44A8B62BDC0B660093BB44 /* CombinationSumII.cpp in Sources */,
				4F44A8B32BDBFED40093BB44 /* SubsetsII.cpp in Sources */,
				4F1028BB2BD206AE008DB16B /* KthLargest.cpp in Sources */,
				7B3497A4C32C455C8FAE6BE4 /* TopKFrequent.cpp in Sources */,
				4F44A8C82BDCB6FF0093BB44 /* ImplementTrie.cpp in Sources */,
				4F8B3BE22BBE595E00D4047D /* DailyTemperature.cpp in Sources */,
				4F8B3C1E2BC7869700D4047D /* SameTree.cpp in Sources */,
				4F44A8BF2BDCA4AB0093BB44 /* LetterCombinationsOfAPhoneNumber.cpp in Sources */,
				4FC98BEB2BBA547000EB0989 /* PermutationInString.cpp in Sources */,
				4FC332AD2BBA778600BE85DF /* MiniumWindowSubstring.cpp in Sources */,
				4F44A8AD2BDBB2050093BB44 /* CombinationSum.cpp in Sources */,
				4FC98BD32BB7A33B00EB0989 /* ValidPalindrome.cpp in Sources */,
				FC2F52DEAD4A4AE287FD05F9 /* ContinuousSubarraySum.cpp in Sources */,
				4F44A8A12BD8E28E0093BB44 /* DesignTwitter.cpp in Sources */,
				4F8B3BE82BBEA3E600D4047D /* LargestRectangleInHistogram.cpp in Sources */,
				4F8B3C032BC3F1D400D4047D /* CopyListWithRandomPointer.cpp in Sources */,
				4FC98BCA2BB6BD8C00EB0989 /* ContainsDuplicate.cpp in Sources */,
				4FA184482B8D849B003A1724 /* FindMinimumInRotatedSortedArray.cpp in Sources */,
				4F8B3BFA2BC2F22F00D4047D /* MergeTwoSortedList.cpp in Sources */,
				F0FC3B8252544AECBE2EA7A8 /* FindTheDuplicateNumber.cpp in Sources */,
				9337A884C53F48EE847CCD02 /* MergeIntervals.cpp in Sources */,
				428F95FE2ADD439D927E1ECA /* SubarraySumEqualsK.cpp in Sources */,
				4F44A8952BD7B8A80093BB44 /* LastStoneWeight.cpp in Sources */,
				4F44A8D42BDF80620093BB44 /* MaxAreaOfIsland.cpp in Sources */,
				4F8B3C242BC7B01300D4047D /* LowestCommonAncester.cpp in Sources */,
				4FC98BCD2BB6BEA600EB0989 /* ValidSudoku.cpp in Sources */,
				4F44A89E2BD8CB900093BB44 /* TaskScheduler.cpp in Sources */,
				4F8B3C2D2BC8FD3900D4047D /* CountGoodNodesInBinaryTree.cpp in Sources */,
				4F44A8D72BDF83800093BB44 /* CloneGraph.cpp in Sources */,
				4F8B3C092BC51E8500D4047D /* LRUCache.cpp in Sources */,
				4F8B3BEE2BBFCA6000D4047D /* SearchA2DMatrix.cpp in Sources */,
				4FA184332B7D9DA0003A1724 /* ThreeSum.cpp in Sources */,
				4FA184362B7E0AF7003A1724 /* GroupAnagrams.cpp in Sources */,
				4FC98BDC2BB8F78300EB0989 /* BestTimeToBuyAndSellStock.cpp in Sources */,
				4F8B3BF72BC2B6F300D4047D /* MediumOfTwoSortedArray.cpp in Sources */,
				4FC98BD02BB6C66200EB0989 /* LongestConsecutiveSequence.cpp in Sources */,
				4F44A8CB2BDD486A0093BB44 /* DesignAddAndSearchWords.cpp in Sources */,
				4F44A8BC2BDC9DDF0093BB44 /* PalindromePartitioning.cpp in Sources */,
				4F8B3C152BC683FC00D4047D /* MaximumDepthOfBinaryTree.cpp in Sources */,
				4F8B3C302BCC1ABF00D4047D /* ValidateBinarySearchTree.cpp in Sources */,
				4F8B3C392BCD0DE200D4047D /* BinaryTreeMaximumPathSum.cpp in Sources */,
				4F44A8A42BDB72910093BB44 /* FindMedianFromDataStream.cpp in Sources */,
				4F44A8CE2BDD552E0093BB44 /* WordSearchII.cpp in Sources */,
				FA1D09BC0B644EFE8667A676 /* main.cpp in Sources */,
			);
			runOnlyForDeploymentPostprocessing = 0;
		};
/* End PBXSourcesBuildPhase section */

/* Begin PBXTargetDependency section */
		AF14594183204EC089567B62 /* PBXTargetDependency */ = {
			isa = PBXTargetDependency;
			target = 1D3AB4AEA8134E3BBCBCED07 /* ZERO_CHECK */;
			targetProxy = E85D3741D7404A648FFDE1A3 /* PBXContainerItemProxy */;
		};
		CF1C4452DA704E17A6929AD9 /* PBXTargetDependency */ = {
			isa = PBXTargetDependency;
			target = 625674681C444009B31FD01E /* ds_algo */;
			targetProxy = C24DC3A1C80D4619A629ECA8 /* PBXContainerItemProxy */;
		};
		D33B7583C5E14598B309A873 /* PBXTargetDependency */ = {
			isa = PBXTargetDependency;
			target = 1D3AB4AEA8134E3BBCBCED07 /* ZERO_CHECK */;
			targetProxy = 6D4A25E08A594C4DACFA6551 /* PBXContainerItemProxy */;
		};
/* End PBXTargetDependency section */

/* Begin XCBuildConfiguration section */
		116D949D945A4D3DA99836A5 /* Debug */ = {
			isa = XCBuildConfiguration;
			buildSettings = {
				ARCHS = "$(NATIVE_ARCH_ACTUAL)";
				MACOSX_DEPLOYMENT_TARGET = 11.7;
				ONLY_ACTIVE_ARCH = YES;
				SDKROOT = /Applications/Xcode.app/Contents/Developer/Platforms/MacOSX.platform/Developer/SDKs/MacOSX12.0.sdk;
				SYMROOT = /Users/eddychu/Desktop/ds_algo/build;
			};
			name = Debug;
		};
		19C542A1CB774B178CBB97CA /* Debug */ = {
			isa = XCBuildConfiguration;
			buildSettings = {
				COMBINE_HIDPI_IMAGES = YES;
				GCC_GENERATE_DEBUGGING_SYMBOLS = YES;
				GCC_INLINES_ARE_PRIVATE_EXTERN = NO;
				GCC_OPTIMIZATION_LEVEL = 0;
				GCC_PREPROCESSOR_DEFINITIONS = (
					"'CMAKE_INTDIR=\"$(CONFIGURATION)$(EFFECTIVE_PLATFORM_NAME)\"'",
					"$(inherited)",
				);
				GCC_SYMBOLS_PRIVATE_EXTERN = NO;
				INSTALL_PATH = "";
				OTHER_LDFLAGS = " $(inherited)";
				OTHER_REZFLAGS = "";
				PRODUCT_NAME = ALL_BUILD;
				SECTORDER_FLAGS = "";
				SYMROOT = /Users/eddychu/Desktop/ds_algo;
				USE_HEADERMAP = NO;
				WARNING_CFLAGS = "$(inherited)";
			};
			name = Debug;
		};
		322889BB8DB74ED19DDB5418 /* RelWithDebInfo */ = {
			isa = XCBuildConfiguration;
			buildSettings = {
				COMBINE_HIDPI_IMAGES = YES;
				GCC_GENERATE_DEBUGGING_SYMBOLS = YES;
				GCC_INLINES_ARE_PRIVATE_EXTERN = NO;
				GCC_OPTIMIZATION_LEVEL = 0;
				GCC_PREPROCESSOR_DEFINITIONS = (
					"'CMAKE_INTDIR=\"$(CONFIGURATION)$(EFFECTIVE_PLATFORM_NAME)\"'",
					"$(inherited)",
				);
				GCC_SYMBOLS_PRIVATE_EXTERN = NO;
				INSTALL_PATH = "";
				OTHER_LDFLAGS = " $(inherited)";
				OTHER_REZFLAGS = "";
				PRODUCT_NAME = ALL_BUILD;
				SECTORDER_FLAGS = "";
				SYMROOT = /Users/eddychu/Desktop/ds_algo;
				USE_HEADERMAP = NO;
				WARNING_CFLAGS = "$(inherited)";
			};
			name = RelWithDebInfo;
		};
		41429776FFAE412F98CD1259 /* RelWithDebInfo */ = {
			isa = XCBuildConfiguration;
			buildSettings = {
				COMBINE_HIDPI_IMAGES = YES;
				EXECUTABLE_PREFIX = "";
				EXECUTABLE_SUFFIX = "";
				GCC_GENERATE_DEBUGGING_SYMBOLS = YES;
				GCC_INLINES_ARE_PRIVATE_EXTERN = NO;
				GCC_OPTIMIZATION_LEVEL = 2;
				GCC_PREPROCESSOR_DEFINITIONS = (
					"'CMAKE_INTDIR=\"$(CONFIGURATION)$(EFFECTIVE_PLATFORM_NAME)\"'",
					"$(inherited)",
				);
				GCC_SYMBOLS_PRIVATE_EXTERN = NO;
				INSTALL_PATH = "";
				OTHER_CPLUSPLUSFLAGS = (
					"-DNDEBUG",
					"'-std=gnu++14'",
				);
				OTHER_LDFLAGS = (
					"-Wl,-search_paths_first",
					"-Wl,-headerpad_max_install_names",
					"$(inherited)",
				);
				OTHER_REZFLAGS = "";
				PRODUCT_NAME = ds_algo;
				SECTORDER_FLAGS = "";
				SYMROOT = /Users/eddychu/Desktop/ds_algo;
				USE_HEADERMAP = NO;
				WARNING_CFLAGS = "$(inherited)";
			};
			name = RelWithDebInfo;
		};
		4ED6938B3F1C458B88B4016C /* Release */ = {
			isa = XCBuildConfiguration;
			buildSettings = {
				COMBINE_HIDPI_IMAGES = YES;
				GCC_GENERATE_DEBUGGING_SYMBOLS = YES;
				GCC_INLINES_ARE_PRIVATE_EXTERN = NO;
				GCC_OPTIMIZATION_LEVEL = 0;
				GCC_PREPROCESSOR_DEFINITIONS = (
					"'CMAKE_INTDIR=\"$(CONFIGURATION)$(EFFECTIVE_PLATFORM_NAME)\"'",
					"$(inherited)",
				);
				GCC_SYMBOLS_PRIVATE_EXTERN = NO;
				INSTALL_PATH = "";
				OTHER_LDFLAGS = " $(inherited)";
				OTHER_REZFLAGS = "";
				PRODUCT_NAME = ALL_BUILD;
				SECTORDER_FLAGS = "";
				SYMROOT = /Users/eddychu/Desktop/ds_algo;
				USE_HEADERMAP = NO;
				WARNING_CFLAGS = "$(inherited)";
			};
			name = Release;
		};
		578D060DCA094E8DB375EE35 /* MinSizeRel */ = {
			isa = XCBuildConfiguration;
			buildSettings = {
				COMBINE_HIDPI_IMAGES = YES;
				EXECUTABLE_PREFIX = "";
				EXECUTABLE_SUFFIX = "";
				GCC_GENERATE_DEBUGGING_SYMBOLS = NO;
				GCC_INLINES_ARE_PRIVATE_EXTERN = NO;
				GCC_OPTIMIZATION_LEVEL = s;
				GCC_PREPROCESSOR_DEFINITIONS = (
					"'CMAKE_INTDIR=\"$(CONFIGURATION)$(EFFECTIVE_PLATFORM_NAME)\"'",
					"$(inherited)",
				);
				GCC_SYMBOLS_PRIVATE_EXTERN = NO;
				INSTALL_PATH = "";
				OTHER_CPLUSPLUSFLAGS = (
					"-DNDEBUG",
					"'-std=gnu++14'",
				);
				OTHER_LDFLAGS = (
					"-Wl,-search_paths_first",
					"-Wl,-headerpad_max_install_names",
					"$(inherited)",
				);
				OTHER_REZFLAGS = "";
				PRODUCT_NAME = ds_algo;
				SECTORDER_FLAGS = "";
				SYMROOT = /Users/eddychu/Desktop/ds_algo;
				USE_HEADERMAP = NO;
				WARNING_CFLAGS = "$(inherited)";
			};
			name = MinSizeRel;
		};
		59323DA8059A489A829D4E3F /* MinSizeRel */ = {
			isa = XCBuildConfiguration;
			buildSettings = {
				COMBINE_HIDPI_IMAGES = YES;
				GCC_GENERATE_DEBUGGING_SYMBOLS = YES;
				GCC_INLINES_ARE_PRIVATE_EXTERN = NO;
				GCC_OPTIMIZATION_LEVEL = 0;
				GCC_PREPROCESSOR_DEFINITIONS = (
					"'CMAKE_INTDIR=\"$(CONFIGURATION)$(EFFECTIVE_PLATFORM_NAME)\"'",
					"$(inherited)",
				);
				GCC_SYMBOLS_PRIVATE_EXTERN = NO;
				INSTALL_PATH = "";
				OTHER_LDFLAGS = " $(inherited)";
				OTHER_REZFLAGS = "";
				PRODUCT_NAME = ZERO_CHECK;
				SECTORDER_FLAGS = "";
				SYMROOT = /Users/eddychu/Desktop/ds_algo;
				USE_HEADERMAP = NO;
				WARNING_CFLAGS = "$(inherited)";
			};
			name = MinSizeRel;
		};
		6B1DD1DB32064D98A978CE60 /* Debug */ = {
			isa = XCBuildConfiguration;
			buildSettings = {
				COMBINE_HIDPI_IMAGES = YES;
				GCC_GENERATE_DEBUGGING_SYMBOLS = YES;
				GCC_INLINES_ARE_PRIVATE_EXTERN = NO;
				GCC_OPTIMIZATION_LEVEL = 0;
				GCC_PREPROCESSOR_DEFINITIONS = (
					"'CMAKE_INTDIR=\"$(CONFIGURATION)$(EFFECTIVE_PLATFORM_NAME)\"'",
					"$(inherited)",
				);
				GCC_SYMBOLS_PRIVATE_EXTERN = NO;
				INSTALL_PATH = "";
				OTHER_LDFLAGS = " $(inherited)";
				OTHER_REZFLAGS = "";
				PRODUCT_NAME = ZERO_CHECK;
				SECTORDER_FLAGS = "";
				SYMROOT = /Users/eddychu/Desktop/ds_algo;
				USE_HEADERMAP = NO;
				WARNING_CFLAGS = "$(inherited)";
			};
			name = Debug;
		};
		6CAE8C64C88848D387E4220B /* Release */ = {
			isa = XCBuildConfiguration;
			buildSettings = {
				COMBINE_HIDPI_IMAGES = YES;
				EXECUTABLE_PREFIX = "";
				EXECUTABLE_SUFFIX = "";
				GCC_GENERATE_DEBUGGING_SYMBOLS = NO;
				GCC_INLINES_ARE_PRIVATE_EXTERN = NO;
				GCC_OPTIMIZATION_LEVEL = 3;
				GCC_PREPROCESSOR_DEFINITIONS = (
					"'CMAKE_INTDIR=\"$(CONFIGURATION)$(EFFECTIVE_PLATFORM_NAME)\"'",
					"$(inherited)",
				);
				GCC_SYMBOLS_PRIVATE_EXTERN = NO;
				INSTALL_PATH = "";
				OTHER_CPLUSPLUSFLAGS = (
					"-DNDEBUG",
					"'-std=gnu++14'",
				);
				OTHER_LDFLAGS = (
					"-Wl,-search_paths_first",
					"-Wl,-headerpad_max_install_names",
					"$(inherited)",
				);
				OTHER_REZFLAGS = "";
				PRODUCT_NAME = ds_algo;
				SECTORDER_FLAGS = "";
				SYMROOT = /Users/eddychu/Desktop/ds_algo;
				USE_HEADERMAP = NO;
				WARNING_CFLAGS = "$(inherited)";
			};
			name = Release;
		};
		6DE79C604A6442BA8A9D2D55 /* MinSizeRel */ = {
			isa = XCBuildConfiguration;
			buildSettings = {
				COMBINE_HIDPI_IMAGES = YES;
				GCC_GENERATE_DEBUGGING_SYMBOLS = YES;
				GCC_INLINES_ARE_PRIVATE_EXTERN = NO;
				GCC_OPTIMIZATION_LEVEL = 0;
				GCC_PREPROCESSOR_DEFINITIONS = (
					"'CMAKE_INTDIR=\"$(CONFIGURATION)$(EFFECTIVE_PLATFORM_NAME)\"'",
					"$(inherited)",
				);
				GCC_SYMBOLS_PRIVATE_EXTERN = NO;
				INSTALL_PATH = "";
				OTHER_LDFLAGS = " $(inherited)";
				OTHER_REZFLAGS = "";
				PRODUCT_NAME = ALL_BUILD;
				SECTORDER_FLAGS = "";
				SYMROOT = /Users/eddychu/Desktop/ds_algo;
				USE_HEADERMAP = NO;
				WARNING_CFLAGS = "$(inherited)";
			};
			name = MinSizeRel;
		};
		6F2FB6C3DC9F4B688257235C /* Release */ = {
			isa = XCBuildConfiguration;
			buildSettings = {
				COMBINE_HIDPI_IMAGES = YES;
				GCC_GENERATE_DEBUGGING_SYMBOLS = YES;
				GCC_INLINES_ARE_PRIVATE_EXTERN = NO;
				GCC_OPTIMIZATION_LEVEL = 0;
				GCC_PREPROCESSOR_DEFINITIONS = (
					"'CMAKE_INTDIR=\"$(CONFIGURATION)$(EFFECTIVE_PLATFORM_NAME)\"'",
					"$(inherited)",
				);
				GCC_SYMBOLS_PRIVATE_EXTERN = NO;
				INSTALL_PATH = "";
				OTHER_LDFLAGS = " $(inherited)";
				OTHER_REZFLAGS = "";
				PRODUCT_NAME = ZERO_CHECK;
				SECTORDER_FLAGS = "";
				SYMROOT = /Users/eddychu/Desktop/ds_algo;
				USE_HEADERMAP = NO;
				WARNING_CFLAGS = "$(inherited)";
			};
			name = Release;
		};
		7BA8BBAF3112404F82A7800B /* RelWithDebInfo */ = {
			isa = XCBuildConfiguration;
			buildSettings = {
				COMBINE_HIDPI_IMAGES = YES;
				GCC_GENERATE_DEBUGGING_SYMBOLS = YES;
				GCC_INLINES_ARE_PRIVATE_EXTERN = NO;
				GCC_OPTIMIZATION_LEVEL = 0;
				GCC_PREPROCESSOR_DEFINITIONS = (
					"'CMAKE_INTDIR=\"$(CONFIGURATION)$(EFFECTIVE_PLATFORM_NAME)\"'",
					"$(inherited)",
				);
				GCC_SYMBOLS_PRIVATE_EXTERN = NO;
				INSTALL_PATH = "";
				OTHER_LDFLAGS = " $(inherited)";
				OTHER_REZFLAGS = "";
				PRODUCT_NAME = ZERO_CHECK;
				SECTORDER_FLAGS = "";
				SYMROOT = /Users/eddychu/Desktop/ds_algo;
				USE_HEADERMAP = NO;
				WARNING_CFLAGS = "$(inherited)";
			};
			name = RelWithDebInfo;
		};
		98E8C539976C43FD89DA7EBC /* Debug */ = {
			isa = XCBuildConfiguration;
			buildSettings = {
				COMBINE_HIDPI_IMAGES = YES;
				EXECUTABLE_PREFIX = "";
				EXECUTABLE_SUFFIX = "";
				GCC_GENERATE_DEBUGGING_SYMBOLS = YES;
				GCC_INLINES_ARE_PRIVATE_EXTERN = NO;
				GCC_OPTIMIZATION_LEVEL = 0;
				GCC_PREPROCESSOR_DEFINITIONS = (
					"'CMAKE_INTDIR=\"$(CONFIGURATION)$(EFFECTIVE_PLATFORM_NAME)\"'",
					"$(inherited)",
				);
				GCC_SYMBOLS_PRIVATE_EXTERN = NO;
				INSTALL_PATH = "";
				OTHER_CPLUSPLUSFLAGS = "   '-std=gnu++14' ";
				OTHER_LDFLAGS = (
					"-Wl,-search_paths_first",
					"-Wl,-headerpad_max_install_names",
					"$(inherited)",
				);
				OTHER_REZFLAGS = "";
				PRODUCT_NAME = ds_algo;
				SECTORDER_FLAGS = "";
				SYMROOT = /Users/eddychu/Desktop/ds_algo;
				USE_HEADERMAP = NO;
				WARNING_CFLAGS = "$(inherited)";
			};
			name = Debug;
		};
		D8BC50AEF36B4691826C53F0 /* Release */ = {
			isa = XCBuildConfiguration;
			buildSettings = {
				ARCHS = "$(NATIVE_ARCH_ACTUAL)";
				MACOSX_DEPLOYMENT_TARGET = 11.7;
				ONLY_ACTIVE_ARCH = YES;
				SDKROOT = /Applications/Xcode.app/Contents/Developer/Platforms/MacOSX.platform/Developer/SDKs/MacOSX12.0.sdk;
				SYMROOT = /Users/eddychu/Desktop/ds_algo/build;
			};
			name = Release;
		};
		D964A3AB929448D8BC9E4568 /* MinSizeRel */ = {
			isa = XCBuildConfiguration;
			buildSettings = {
				ARCHS = "$(NATIVE_ARCH_ACTUAL)";
				MACOSX_DEPLOYMENT_TARGET = 11.7;
				ONLY_ACTIVE_ARCH = YES;
				SDKROOT = /Applications/Xcode.app/Contents/Developer/Platforms/MacOSX.platform/Developer/SDKs/MacOSX12.0.sdk;
				SYMROOT = /Users/eddychu/Desktop/ds_algo/build;
			};
			name = MinSizeRel;
		};
		E5C520D121B04F57AF9DB37A /* RelWithDebInfo */ = {
			isa = XCBuildConfiguration;
			buildSettings = {
				ARCHS = "$(NATIVE_ARCH_ACTUAL)";
				MACOSX_DEPLOYMENT_TARGET = 11.7;
				ONLY_ACTIVE_ARCH = YES;
				SDKROOT = /Applications/Xcode.app/Contents/Developer/Platforms/MacOSX.platform/Developer/SDKs/MacOSX12.0.sdk;
				SYMROOT = /Users/eddychu/Desktop/ds_algo/build;
			};
			name = RelWithDebInfo;
		};
/* End XCBuildConfiguration section */

/* Begin XCConfigurationList section */
		68E2C9B2FB534C1BAF252B5B /* Build configuration list for PBXNativeTarget "ds_algo" */ = {
			isa = XCConfigurationList;
			buildConfigurations = (
				98E8C539976C43FD89DA7EBC /* Debug */,
				6CAE8C64C88848D387E4220B /* Release */,
				578D060DCA094E8DB375EE35 /* MinSizeRel */,
				41429776FFAE412F98CD1259 /* RelWithDebInfo */,
			);
			defaultConfigurationIsVisible = 0;
			defaultConfigurationName = Debug;
		};
		87D2E0ECED784942A4B041CC /* Build configuration list for PBXAggregateTarget "ALL_BUILD" */ = {
			isa = XCConfigurationList;
			buildConfigurations = (
				19C542A1CB774B178CBB97CA /* Debug */,
				4ED6938B3F1C458B88B4016C /* Release */,
				6DE79C604A6442BA8A9D2D55 /* MinSizeRel */,
				322889BB8DB74ED19DDB5418 /* RelWithDebInfo */,
			);
			defaultConfigurationIsVisible = 0;
			defaultConfigurationName = Debug;
		};
		884D4FB509884D2A994DF94D /* Build configuration list for PBXAggregateTarget "ZERO_CHECK" */ = {
			isa = XCConfigurationList;
			buildConfigurations = (
				6B1DD1DB32064D98A978CE60 /* Debug */,
				6F2FB6C3DC9F4B688257235C /* Release */,
				59323DA8059A489A829D4E3F /* MinSizeRel */,
				7BA8BBAF3112404F82A7800B /* RelWithDebInfo */,
			);
			defaultConfigurationIsVisible = 0;
			defaultConfigurationName = Debug;
		};
		DACC35DFA6A746E29D79C8B7 /* Build configuration list for PBXProject "ds_algo" */ = {
			isa = XCConfigurationList;
			buildConfigurations = (
				116D949D945A4D3DA99836A5 /* Debug */,
				D8BC50AEF36B4691826C53F0 /* Release */,
				D964A3AB929448D8BC9E4568 /* MinSizeRel */,
				E5C520D121B04F57AF9DB37A /* RelWithDebInfo */,
			);
			defaultConfigurationIsVisible = 0;
			defaultConfigurationName = Debug;
		};
/* End XCConfigurationList section */
	};
	rootObject = 2D002D29F1E4405B94D40547 /* Project object */;
}
